// !$*UTF8*$!
{
	archiveVersion = 1;
	classes = {
	};
	objectVersion = 54;
	objects = {

/* Begin PBXBuildFile section */
		35A4B00DC7615E05F337C4C6 /* UUID.swift in Sources */ = {isa = PBXBuildFile; fileRef = 35A4B08F71C8FCEF11BC6488 /* UUID.swift */; };
		35A4B013911A3E07D676752D /* UIPasteboard.swift in Sources */ = {isa = PBXBuildFile; fileRef = 35A4B7044E0268551F0D49A3 /* UIPasteboard.swift */; };
		35A4B031D52B4DB6848822D7 /* FakeStringWrapper.swift in Sources */ = {isa = PBXBuildFile; fileRef = 35A4B0BA3B9CB354E94B9342 /* FakeStringWrapper.swift */; };
		35A4B052E9E8AD294C18F99A /* FakeFileManager.swift in Sources */ = {isa = PBXBuildFile; fileRef = 35A4B4250DFA35A92D8B835A /* FakeFileManager.swift */; };
		35A4B18F099303FCCD3ACE8D /* FileManager.swift in Sources */ = {isa = PBXBuildFile; fileRef = 35A4BC571E83F6677FE7BE20 /* FileManager.swift */; };
		35A4B24AEDE3F46637ABF96F /* FakeDataWrapper.swift in Sources */ = {isa = PBXBuildFile; fileRef = 35A4B0F16A699125EFA83F2B /* FakeDataWrapper.swift */; };
		35A4B25962DEABBDDA0C2DC4 /* DispatchWorkItemWrapper.swift in Sources */ = {isa = PBXBuildFile; fileRef = 35A4BB1E5873B4C606BCD8FD /* DispatchWorkItemWrapper.swift */; };
		35A4B286E180A38DF51511B4 /* FakeDispatchWorkItemWrapper.swift in Sources */ = {isa = PBXBuildFile; fileRef = 35A4B53262E61A207EF48E6F /* FakeDispatchWorkItemWrapper.swift */; };
		35A4B2AEFC2E33C9C5651114 /* FakeTimerWrapper.swift in Sources */ = {isa = PBXBuildFile; fileRef = 35A4B04E861F66E04B1281C4 /* FakeTimerWrapper.swift */; };
		35A4B329DD8129CF9E4CBC43 /* FakeStoryboardBuilder.swift in Sources */ = {isa = PBXBuildFile; fileRef = 35A4B6F92C2C82F3605E49E0 /* FakeStoryboardBuilder.swift */; };
		35A4B350E878FC118DFCACDA /* FakeURLSession.swift in Sources */ = {isa = PBXBuildFile; fileRef = 35A4B2A70B9B1742FCD04705 /* FakeURLSession.swift */; };
		35A4B3C3417B167A8E18CD67 /* FakeAudioServicesWrapper.swift in Sources */ = {isa = PBXBuildFile; fileRef = 35A4BDC8288F32DC3F239371 /* FakeAudioServicesWrapper.swift */; };
		35A4B3E6A2412044DCEFA0B5 /* FakeNSLocking.swift in Sources */ = {isa = PBXBuildFile; fileRef = 35A4BF8D74EE6A45BE127429 /* FakeNSLocking.swift */; };
		35A4B408DCBE8D6428B54FB3 /* FakeUIViewWrapper.swift in Sources */ = {isa = PBXBuildFile; fileRef = 35A4B7BC188A0A99E3907217 /* FakeUIViewWrapper.swift */; };
		35A4B43660B88CFDD4A87638 /* UserDefaults.swift in Sources */ = {isa = PBXBuildFile; fileRef = 35A4B1703F339FB3920DD66E /* UserDefaults.swift */; };
		35A4B4677C40193B05E319A4 /* FakeUIAlertControllerBuilder.swift in Sources */ = {isa = PBXBuildFile; fileRef = 35A4BE1B0AADC8DA46F78972 /* FakeUIAlertControllerBuilder.swift */; };
		35A4B4BD0B948B833CC5B304 /* FakeTableViewCellBuilder.swift in Sources */ = {isa = PBXBuildFile; fileRef = 35A4B135DCE358E50D486D05 /* FakeTableViewCellBuilder.swift */; };
		35A4B4CE273828A75515AD30 /* TableViewCellBuilder.swift in Sources */ = {isa = PBXBuildFile; fileRef = 35A4B63F387481B8C6C590EF /* TableViewCellBuilder.swift */; };
		35A4B5020ADB7F728B064C08 /* FakeJSONCodableWrapper.swift in Sources */ = {isa = PBXBuildFile; fileRef = 35A4B6395615BA6B40F1FFD2 /* FakeJSONCodableWrapper.swift */; };
		35A4B5150C115364D5177537 /* FakeNotificationCenter.swift in Sources */ = {isa = PBXBuildFile; fileRef = 35A4B45DA7F1416EBFE4F315 /* FakeNotificationCenter.swift */; };
		35A4B552068E5693DD3ECB6D /* String+Capsule.swift in Sources */ = {isa = PBXBuildFile; fileRef = 35A4BD775ED402AD3104DCCF /* String+Capsule.swift */; };
		35A4B566B97F187C25EC5CDE /* FakeUserDefaults.swift in Sources */ = {isa = PBXBuildFile; fileRef = 35A4BEFC95A0DDAC8930BC38 /* FakeUserDefaults.swift */; };
		35A4B5C0921945DD85446B53 /* StoryboardBuilder.swift in Sources */ = {isa = PBXBuildFile; fileRef = 35A4B3AE3799E151884397B9 /* StoryboardBuilder.swift */; };
		35A4B5F58980C61E844AD206 /* EmptyError.swift in Sources */ = {isa = PBXBuildFile; fileRef = 35A4B04CA21410207207B1F4 /* EmptyError.swift */; };
		35A4B5F9A6B13BCE6CD7187B /* Bundle+Capsule.swift in Sources */ = {isa = PBXBuildFile; fileRef = 35A4BA908BD12876F103F769 /* Bundle+Capsule.swift */; };
		35A4B607F6E2D3950799BB23 /* FakeURLSessionTask.swift in Sources */ = {isa = PBXBuildFile; fileRef = 35A4B54870938BBBB0B1504D /* FakeURLSessionTask.swift */; };
		35A4B6BAA82084721545D89E /* SimulatorWrapper.swift in Sources */ = {isa = PBXBuildFile; fileRef = 35A4B13B9AEBB42F9B4B81EA /* SimulatorWrapper.swift */; };
		35A4B6C18CAFA5632E04E3F8 /* FakeJSONEncoder.swift in Sources */ = {isa = PBXBuildFile; fileRef = 35A4BD6CDBC6F165D81A2407 /* FakeJSONEncoder.swift */; };
		35A4B71B6C9792BBE9669B22 /* SleepWrapper.swift in Sources */ = {isa = PBXBuildFile; fileRef = 35A4B3EDA1E80876D881F662 /* SleepWrapper.swift */; };
		35A4B724511D71C9B45FE0D0 /* FakeCalendar.swift in Sources */ = {isa = PBXBuildFile; fileRef = 35A4B4FE246BE378FEB47CB2 /* FakeCalendar.swift */; };
		35A4B73AA08FC77A489483A6 /* FakeAVCaptureSession.swift in Sources */ = {isa = PBXBuildFile; fileRef = 35A4B4999A48F053A7AD04B0 /* FakeAVCaptureSession.swift */; };
		35A4B83A637465EAACFEA86B /* FakeJSONSerializationWrapper.swift in Sources */ = {isa = PBXBuildFile; fileRef = 35A4B065E063AFEF3A5A530D /* FakeJSONSerializationWrapper.swift */; };
		35A4B87E2CDD63D198F373ED /* AudioServicesWrapper.swift in Sources */ = {isa = PBXBuildFile; fileRef = 35A4B8A4B080D6D6747E5840 /* AudioServicesWrapper.swift */; };
		35A4B90AFC3387AF986D7C15 /* DataWrapper.swift in Sources */ = {isa = PBXBuildFile; fileRef = 35A4B3420F7948F4134AB176 /* DataWrapper.swift */; };
		35A4B926E54B85A903C8868D /* FakeDispatchQueueWrapper.swift in Sources */ = {isa = PBXBuildFile; fileRef = 35A4B45E74290922887812A4 /* FakeDispatchQueueWrapper.swift */; };
		35A4B937ACAED4B9B6008BCC /* FakeSleepWrapper.swift in Sources */ = {isa = PBXBuildFile; fileRef = 35A4BF12A7813E00BDA2D9EE /* FakeSleepWrapper.swift */; };
		35A4BA6B3DB54C44BB4DD3CA /* FakeBundle.swift in Sources */ = {isa = PBXBuildFile; fileRef = 35A4BB45A7DC0AA94D781DA3 /* FakeBundle.swift */; };
		35A4BA6C4E1624FA15874E69 /* UIAlertControllerBuilder.swift in Sources */ = {isa = PBXBuildFile; fileRef = 35A4BB897647083BF1AF5064 /* UIAlertControllerBuilder.swift */; };
		35A4BA8CBD23CA887B597432 /* UIViewWrapper.swift in Sources */ = {isa = PBXBuildFile; fileRef = 35A4B50379684B8FAF394306 /* UIViewWrapper.swift */; };
		35A4BAB151B6CDD054FBA8F6 /* StringWrapper.swift in Sources */ = {isa = PBXBuildFile; fileRef = 35A4B7E0A528B1CBC66B2D4D /* StringWrapper.swift */; };
		35A4BAD0FBCFECF7CEFE01ED /* FakeURLSessionDelegate.swift in Sources */ = {isa = PBXBuildFile; fileRef = 35A4BAB2482046CAD2A1A1B2 /* FakeURLSessionDelegate.swift */; };
		35A4BAD825C118D501B30DD9 /* DispatchWorkItemWrapperBuilder.swift in Sources */ = {isa = PBXBuildFile; fileRef = 35A4B1DEECDA46358C00035A /* DispatchWorkItemWrapperBuilder.swift */; };
		35A4BB3F68E54F9E785498C1 /* FakeDispatchWorkItemWrapperBuilder.swift in Sources */ = {isa = PBXBuildFile; fileRef = 35A4B85C194B1064482C6CFD /* FakeDispatchWorkItemWrapperBuilder.swift */; };
		35A4BB7C467D39655A50893B /* FakeSimulatorWrapper.swift in Sources */ = {isa = PBXBuildFile; fileRef = 35A4BED0656DEAA0D40F1FEF /* FakeSimulatorWrapper.swift */; };
		35A4BBB918F4CAF3312E5BBF /* URL+Capsule.swift in Sources */ = {isa = PBXBuildFile; fileRef = 35A4BC428C113FCAF1808551 /* URL+Capsule.swift */; };
		35A4BBE726A04E65F0D3BA4A /* DispatchQueueWrapper.swift in Sources */ = {isa = PBXBuildFile; fileRef = 35A4B77EA323525C7AD6AAC1 /* DispatchQueueWrapper.swift */; };
		35A4BBEC982592B8893F7EDB /* Fake.swift in Sources */ = {isa = PBXBuildFile; fileRef = 35A4B2782F4A48C3DD0FADE1 /* Fake.swift */; };
		35A4BBF0FE61FEE925534CE6 /* Doom.swift in Sources */ = {isa = PBXBuildFile; fileRef = 35A4B38AC20E1ED441ACC3D0 /* Doom.swift */; };
		35A4BBFCA7E5FF303034BA8A /* FakeUUID.swift in Sources */ = {isa = PBXBuildFile; fileRef = 35A4B17E01B9131B60D18A0A /* FakeUUID.swift */; };
		35A4BC818C358DC1265C5889 /* UIAlertActionWrapper.swift in Sources */ = {isa = PBXBuildFile; fileRef = 35A4B23BD03AA5E49E4EE34B /* UIAlertActionWrapper.swift */; };
		35A4BCC69EB3298A87DA5F63 /* JSONCodableWrapper+Capsule.swift in Sources */ = {isa = PBXBuildFile; fileRef = 35A4BD26F28B62C64C769B14 /* JSONCodableWrapper+Capsule.swift */; };
		35A4BE396012003874111293 /* FakeJSONDecoder.swift in Sources */ = {isa = PBXBuildFile; fileRef = 35A4BAF94A795B97DBA6FCC5 /* FakeJSONDecoder.swift */; };
		35A4BE43CA7679DCF37E47E2 /* FakeGenericError.swift in Sources */ = {isa = PBXBuildFile; fileRef = 35A4B714023A53FB7B94575E /* FakeGenericError.swift */; };
		35A4BEB2C91E56406FB38BAE /* URLSession.swift in Sources */ = {isa = PBXBuildFile; fileRef = 35A4B089047C0B7596453551 /* URLSession.swift */; };
		35A4BED5D122674486C39D1D /* TimerWrapper.swift in Sources */ = {isa = PBXBuildFile; fileRef = 35A4BF854C4C5C855EF322D4 /* TimerWrapper.swift */; };
		35A4BEDEB5A5167D02F0460F /* FakeUIPasteboard.swift in Sources */ = {isa = PBXBuildFile; fileRef = 35A4B92077DCE5C267DEFADD /* FakeUIPasteboard.swift */; };
		35A4BEE7989A465D3CC48098 /* URLSessionTask.swift in Sources */ = {isa = PBXBuildFile; fileRef = 35A4B611D98FD56358D79677 /* URLSessionTask.swift */; };
		35A4BF4F8124B129836832EB /* JSONSerializationWrapper.swift in Sources */ = {isa = PBXBuildFile; fileRef = 35A4B491ECA2567F0A19FFD5 /* JSONSerializationWrapper.swift */; };
		35A4BF53BF15526FE8E5D759 /* JSONCodableWrapper.swift in Sources */ = {isa = PBXBuildFile; fileRef = 35A4B7781B2D621C293F975E /* JSONCodableWrapper.swift */; };
		940F9D572399A40A0028937B /* AVCaptureSession.swift in Sources */ = {isa = PBXBuildFile; fileRef = 940F9D562399A40A0028937B /* AVCaptureSession.swift */; };
		940F9D792399A4BA0028937B /* JSONEncoder.swift in Sources */ = {isa = PBXBuildFile; fileRef = 940F9D722399A4BA0028937B /* JSONEncoder.swift */; };
		940F9D7A2399A4BA0028937B /* Calendar.swift in Sources */ = {isa = PBXBuildFile; fileRef = 940F9D732399A4BA0028937B /* Calendar.swift */; };
		940F9D7D2399A4BA0028937B /* JSONDecoder.swift in Sources */ = {isa = PBXBuildFile; fileRef = 940F9D762399A4BA0028937B /* JSONDecoder.swift */; };
		940F9DEA239AFB8A0028937B /* Capsule.swift in Sources */ = {isa = PBXBuildFile; fileRef = 940F9DE9239AFB8A0028937B /* Capsule.swift */; };
		94455B66238C45920063BB6E /* Capsule.h in Headers */ = {isa = PBXBuildFile; fileRef = 94455B64238C45920063BB6E /* Capsule.h */; settings = {ATTRIBUTES = (Public, ); }; };
		9464C1882B1F8E250096F8AF /* Bundle.swift in Sources */ = {isa = PBXBuildFile; fileRef = 9464C1872B1F8E250096F8AF /* Bundle.swift */; };
		9471F4F02B7A6B040065CD44 /* Initializable.swift in Sources */ = {isa = PBXBuildFile; fileRef = 9471F4EF2B7A6B040065CD44 /* Initializable.swift */; };
		9471F4F32B7A6B3B0065CD44 /* AnyValue.swift in Sources */ = {isa = PBXBuildFile; fileRef = 9471F4F22B7A6B3B0065CD44 /* AnyValue.swift */; };
		9471F4F62B7A6DC50065CD44 /* FakeAnyValue.swift in Sources */ = {isa = PBXBuildFile; fileRef = 9471F4F52B7A6DC50065CD44 /* FakeAnyValue.swift */; };
		9471F4F82B7A6E670065CD44 /* FakeInitializable.swift in Sources */ = {isa = PBXBuildFile; fileRef = 9471F4F72B7A6E670065CD44 /* FakeInitializable.swift */; };
		949A594123A729CA0039E542 /* Atomic.swift in Sources */ = {isa = PBXBuildFile; fileRef = 949A594023A729CA0039E542 /* Atomic.swift */; };
		949A594523A72AA80039E542 /* Builder.swift in Sources */ = {isa = PBXBuildFile; fileRef = 949A594423A72AA80039E542 /* Builder.swift */; };
		94F0B75E256817F900C47488 /* NotificationCenter.swift in Sources */ = {isa = PBXBuildFile; fileRef = 94F0B75D256817F900C47488 /* NotificationCenter.swift */; };
		CF6AADE9586FD43AA3CFB857 /* Pods_Capsule.framework in Frameworks */ = {isa = PBXBuildFile; fileRef = 89185E854D912AF3945AB5A4 /* Pods_Capsule.framework */; };
/* End PBXBuildFile section */

/* Begin PBXFileReference section */
		31D7B35ACF2AC94C2FEFEE23 /* Pods-Capsule.debug.xcconfig */ = {isa = PBXFileReference; includeInIndex = 1; lastKnownFileType = text.xcconfig; name = "Pods-Capsule.debug.xcconfig"; path = "Target Support Files/Pods-Capsule/Pods-Capsule.debug.xcconfig"; sourceTree = "<group>"; };
		35A4B04CA21410207207B1F4 /* EmptyError.swift */ = {isa = PBXFileReference; fileEncoding = 4; lastKnownFileType = sourcecode.swift; path = EmptyError.swift; sourceTree = "<group>"; };
		35A4B04E861F66E04B1281C4 /* FakeTimerWrapper.swift */ = {isa = PBXFileReference; fileEncoding = 4; lastKnownFileType = sourcecode.swift; path = FakeTimerWrapper.swift; sourceTree = "<group>"; };
		35A4B065E063AFEF3A5A530D /* FakeJSONSerializationWrapper.swift */ = {isa = PBXFileReference; fileEncoding = 4; lastKnownFileType = sourcecode.swift; path = FakeJSONSerializationWrapper.swift; sourceTree = "<group>"; };
		35A4B089047C0B7596453551 /* URLSession.swift */ = {isa = PBXFileReference; fileEncoding = 4; lastKnownFileType = sourcecode.swift; path = URLSession.swift; sourceTree = "<group>"; };
		35A4B08F71C8FCEF11BC6488 /* UUID.swift */ = {isa = PBXFileReference; fileEncoding = 4; lastKnownFileType = sourcecode.swift; path = UUID.swift; sourceTree = "<group>"; };
		35A4B0BA3B9CB354E94B9342 /* FakeStringWrapper.swift */ = {isa = PBXFileReference; fileEncoding = 4; lastKnownFileType = sourcecode.swift; path = FakeStringWrapper.swift; sourceTree = "<group>"; };
		35A4B0F16A699125EFA83F2B /* FakeDataWrapper.swift */ = {isa = PBXFileReference; fileEncoding = 4; lastKnownFileType = sourcecode.swift; path = FakeDataWrapper.swift; sourceTree = "<group>"; };
		35A4B135DCE358E50D486D05 /* FakeTableViewCellBuilder.swift */ = {isa = PBXFileReference; fileEncoding = 4; lastKnownFileType = sourcecode.swift; path = FakeTableViewCellBuilder.swift; sourceTree = "<group>"; };
		35A4B13B9AEBB42F9B4B81EA /* SimulatorWrapper.swift */ = {isa = PBXFileReference; fileEncoding = 4; lastKnownFileType = sourcecode.swift; path = SimulatorWrapper.swift; sourceTree = "<group>"; };
		35A4B1703F339FB3920DD66E /* UserDefaults.swift */ = {isa = PBXFileReference; fileEncoding = 4; lastKnownFileType = sourcecode.swift; path = UserDefaults.swift; sourceTree = "<group>"; };
		35A4B17E01B9131B60D18A0A /* FakeUUID.swift */ = {isa = PBXFileReference; fileEncoding = 4; lastKnownFileType = sourcecode.swift; path = FakeUUID.swift; sourceTree = "<group>"; };
		35A4B1DEECDA46358C00035A /* DispatchWorkItemWrapperBuilder.swift */ = {isa = PBXFileReference; fileEncoding = 4; lastKnownFileType = sourcecode.swift; path = DispatchWorkItemWrapperBuilder.swift; sourceTree = "<group>"; };
		35A4B23BD03AA5E49E4EE34B /* UIAlertActionWrapper.swift */ = {isa = PBXFileReference; fileEncoding = 4; lastKnownFileType = sourcecode.swift; path = UIAlertActionWrapper.swift; sourceTree = "<group>"; };
		35A4B2782F4A48C3DD0FADE1 /* Fake.swift */ = {isa = PBXFileReference; fileEncoding = 4; lastKnownFileType = sourcecode.swift; path = Fake.swift; sourceTree = "<group>"; };
		35A4B2A70B9B1742FCD04705 /* FakeURLSession.swift */ = {isa = PBXFileReference; fileEncoding = 4; lastKnownFileType = sourcecode.swift; path = FakeURLSession.swift; sourceTree = "<group>"; };
		35A4B3420F7948F4134AB176 /* DataWrapper.swift */ = {isa = PBXFileReference; fileEncoding = 4; lastKnownFileType = sourcecode.swift; path = DataWrapper.swift; sourceTree = "<group>"; };
		35A4B38AC20E1ED441ACC3D0 /* Doom.swift */ = {isa = PBXFileReference; fileEncoding = 4; lastKnownFileType = sourcecode.swift; path = Doom.swift; sourceTree = "<group>"; };
		35A4B3AE3799E151884397B9 /* StoryboardBuilder.swift */ = {isa = PBXFileReference; fileEncoding = 4; lastKnownFileType = sourcecode.swift; path = StoryboardBuilder.swift; sourceTree = "<group>"; };
		35A4B3EDA1E80876D881F662 /* SleepWrapper.swift */ = {isa = PBXFileReference; fileEncoding = 4; lastKnownFileType = sourcecode.swift; path = SleepWrapper.swift; sourceTree = "<group>"; };
		35A4B4250DFA35A92D8B835A /* FakeFileManager.swift */ = {isa = PBXFileReference; fileEncoding = 4; lastKnownFileType = sourcecode.swift; path = FakeFileManager.swift; sourceTree = "<group>"; };
		35A4B45DA7F1416EBFE4F315 /* FakeNotificationCenter.swift */ = {isa = PBXFileReference; fileEncoding = 4; lastKnownFileType = sourcecode.swift; path = FakeNotificationCenter.swift; sourceTree = "<group>"; };
		35A4B45E74290922887812A4 /* FakeDispatchQueueWrapper.swift */ = {isa = PBXFileReference; fileEncoding = 4; lastKnownFileType = sourcecode.swift; path = FakeDispatchQueueWrapper.swift; sourceTree = "<group>"; };
		35A4B491ECA2567F0A19FFD5 /* JSONSerializationWrapper.swift */ = {isa = PBXFileReference; fileEncoding = 4; lastKnownFileType = sourcecode.swift; path = JSONSerializationWrapper.swift; sourceTree = "<group>"; };
		35A4B4999A48F053A7AD04B0 /* FakeAVCaptureSession.swift */ = {isa = PBXFileReference; fileEncoding = 4; lastKnownFileType = sourcecode.swift; path = FakeAVCaptureSession.swift; sourceTree = "<group>"; };
		35A4B4FE246BE378FEB47CB2 /* FakeCalendar.swift */ = {isa = PBXFileReference; fileEncoding = 4; lastKnownFileType = sourcecode.swift; path = FakeCalendar.swift; sourceTree = "<group>"; };
		35A4B50379684B8FAF394306 /* UIViewWrapper.swift */ = {isa = PBXFileReference; fileEncoding = 4; lastKnownFileType = sourcecode.swift; path = UIViewWrapper.swift; sourceTree = "<group>"; };
		35A4B53262E61A207EF48E6F /* FakeDispatchWorkItemWrapper.swift */ = {isa = PBXFileReference; fileEncoding = 4; lastKnownFileType = sourcecode.swift; path = FakeDispatchWorkItemWrapper.swift; sourceTree = "<group>"; };
		35A4B54870938BBBB0B1504D /* FakeURLSessionTask.swift */ = {isa = PBXFileReference; fileEncoding = 4; lastKnownFileType = sourcecode.swift; path = FakeURLSessionTask.swift; sourceTree = "<group>"; };
		35A4B611D98FD56358D79677 /* URLSessionTask.swift */ = {isa = PBXFileReference; fileEncoding = 4; lastKnownFileType = sourcecode.swift; path = URLSessionTask.swift; sourceTree = "<group>"; };
		35A4B6395615BA6B40F1FFD2 /* FakeJSONCodableWrapper.swift */ = {isa = PBXFileReference; fileEncoding = 4; lastKnownFileType = sourcecode.swift; path = FakeJSONCodableWrapper.swift; sourceTree = "<group>"; };
		35A4B63F387481B8C6C590EF /* TableViewCellBuilder.swift */ = {isa = PBXFileReference; fileEncoding = 4; lastKnownFileType = sourcecode.swift; path = TableViewCellBuilder.swift; sourceTree = "<group>"; };
		35A4B6F92C2C82F3605E49E0 /* FakeStoryboardBuilder.swift */ = {isa = PBXFileReference; fileEncoding = 4; lastKnownFileType = sourcecode.swift; path = FakeStoryboardBuilder.swift; sourceTree = "<group>"; };
		35A4B7044E0268551F0D49A3 /* UIPasteboard.swift */ = {isa = PBXFileReference; fileEncoding = 4; lastKnownFileType = sourcecode.swift; path = UIPasteboard.swift; sourceTree = "<group>"; };
		35A4B714023A53FB7B94575E /* FakeGenericError.swift */ = {isa = PBXFileReference; fileEncoding = 4; lastKnownFileType = sourcecode.swift; path = FakeGenericError.swift; sourceTree = "<group>"; };
		35A4B7781B2D621C293F975E /* JSONCodableWrapper.swift */ = {isa = PBXFileReference; fileEncoding = 4; lastKnownFileType = sourcecode.swift; path = JSONCodableWrapper.swift; sourceTree = "<group>"; };
		35A4B77EA323525C7AD6AAC1 /* DispatchQueueWrapper.swift */ = {isa = PBXFileReference; fileEncoding = 4; lastKnownFileType = sourcecode.swift; path = DispatchQueueWrapper.swift; sourceTree = "<group>"; };
		35A4B7BC188A0A99E3907217 /* FakeUIViewWrapper.swift */ = {isa = PBXFileReference; fileEncoding = 4; lastKnownFileType = sourcecode.swift; path = FakeUIViewWrapper.swift; sourceTree = "<group>"; };
		35A4B7E0A528B1CBC66B2D4D /* StringWrapper.swift */ = {isa = PBXFileReference; fileEncoding = 4; lastKnownFileType = sourcecode.swift; path = StringWrapper.swift; sourceTree = "<group>"; };
		35A4B85C194B1064482C6CFD /* FakeDispatchWorkItemWrapperBuilder.swift */ = {isa = PBXFileReference; fileEncoding = 4; lastKnownFileType = sourcecode.swift; path = FakeDispatchWorkItemWrapperBuilder.swift; sourceTree = "<group>"; };
		35A4B8A4B080D6D6747E5840 /* AudioServicesWrapper.swift */ = {isa = PBXFileReference; fileEncoding = 4; lastKnownFileType = sourcecode.swift; path = AudioServicesWrapper.swift; sourceTree = "<group>"; };
		35A4B92077DCE5C267DEFADD /* FakeUIPasteboard.swift */ = {isa = PBXFileReference; fileEncoding = 4; lastKnownFileType = sourcecode.swift; path = FakeUIPasteboard.swift; sourceTree = "<group>"; };
		35A4BA908BD12876F103F769 /* Bundle+Capsule.swift */ = {isa = PBXFileReference; fileEncoding = 4; lastKnownFileType = sourcecode.swift; path = "Bundle+Capsule.swift"; sourceTree = "<group>"; };
		35A4BAB2482046CAD2A1A1B2 /* FakeURLSessionDelegate.swift */ = {isa = PBXFileReference; fileEncoding = 4; lastKnownFileType = sourcecode.swift; path = FakeURLSessionDelegate.swift; sourceTree = "<group>"; };
		35A4BAF94A795B97DBA6FCC5 /* FakeJSONDecoder.swift */ = {isa = PBXFileReference; fileEncoding = 4; lastKnownFileType = sourcecode.swift; path = FakeJSONDecoder.swift; sourceTree = "<group>"; };
		35A4BB1E5873B4C606BCD8FD /* DispatchWorkItemWrapper.swift */ = {isa = PBXFileReference; fileEncoding = 4; lastKnownFileType = sourcecode.swift; path = DispatchWorkItemWrapper.swift; sourceTree = "<group>"; };
		35A4BB45A7DC0AA94D781DA3 /* FakeBundle.swift */ = {isa = PBXFileReference; fileEncoding = 4; lastKnownFileType = sourcecode.swift; path = FakeBundle.swift; sourceTree = "<group>"; };
		35A4BB897647083BF1AF5064 /* UIAlertControllerBuilder.swift */ = {isa = PBXFileReference; fileEncoding = 4; lastKnownFileType = sourcecode.swift; path = UIAlertControllerBuilder.swift; sourceTree = "<group>"; };
		35A4BC428C113FCAF1808551 /* URL+Capsule.swift */ = {isa = PBXFileReference; fileEncoding = 4; lastKnownFileType = sourcecode.swift; path = "URL+Capsule.swift"; sourceTree = "<group>"; };
		35A4BC571E83F6677FE7BE20 /* FileManager.swift */ = {isa = PBXFileReference; fileEncoding = 4; lastKnownFileType = sourcecode.swift; path = FileManager.swift; sourceTree = "<group>"; };
		35A4BD26F28B62C64C769B14 /* JSONCodableWrapper+Capsule.swift */ = {isa = PBXFileReference; fileEncoding = 4; lastKnownFileType = sourcecode.swift; path = "JSONCodableWrapper+Capsule.swift"; sourceTree = "<group>"; };
		35A4BD6CDBC6F165D81A2407 /* FakeJSONEncoder.swift */ = {isa = PBXFileReference; fileEncoding = 4; lastKnownFileType = sourcecode.swift; path = FakeJSONEncoder.swift; sourceTree = "<group>"; };
		35A4BD775ED402AD3104DCCF /* String+Capsule.swift */ = {isa = PBXFileReference; fileEncoding = 4; lastKnownFileType = sourcecode.swift; path = "String+Capsule.swift"; sourceTree = "<group>"; };
		35A4BDC8288F32DC3F239371 /* FakeAudioServicesWrapper.swift */ = {isa = PBXFileReference; fileEncoding = 4; lastKnownFileType = sourcecode.swift; path = FakeAudioServicesWrapper.swift; sourceTree = "<group>"; };
		35A4BE1B0AADC8DA46F78972 /* FakeUIAlertControllerBuilder.swift */ = {isa = PBXFileReference; fileEncoding = 4; lastKnownFileType = sourcecode.swift; path = FakeUIAlertControllerBuilder.swift; sourceTree = "<group>"; };
		35A4BED0656DEAA0D40F1FEF /* FakeSimulatorWrapper.swift */ = {isa = PBXFileReference; fileEncoding = 4; lastKnownFileType = sourcecode.swift; path = FakeSimulatorWrapper.swift; sourceTree = "<group>"; };
		35A4BEFC95A0DDAC8930BC38 /* FakeUserDefaults.swift */ = {isa = PBXFileReference; fileEncoding = 4; lastKnownFileType = sourcecode.swift; path = FakeUserDefaults.swift; sourceTree = "<group>"; };
		35A4BF12A7813E00BDA2D9EE /* FakeSleepWrapper.swift */ = {isa = PBXFileReference; fileEncoding = 4; lastKnownFileType = sourcecode.swift; path = FakeSleepWrapper.swift; sourceTree = "<group>"; };
		35A4BF854C4C5C855EF322D4 /* TimerWrapper.swift */ = {isa = PBXFileReference; fileEncoding = 4; lastKnownFileType = sourcecode.swift; path = TimerWrapper.swift; sourceTree = "<group>"; };
		35A4BF8D74EE6A45BE127429 /* FakeNSLocking.swift */ = {isa = PBXFileReference; fileEncoding = 4; lastKnownFileType = sourcecode.swift; path = FakeNSLocking.swift; sourceTree = "<group>"; };
		89185E854D912AF3945AB5A4 /* Pods_Capsule.framework */ = {isa = PBXFileReference; explicitFileType = wrapper.framework; includeInIndex = 0; path = Pods_Capsule.framework; sourceTree = BUILT_PRODUCTS_DIR; };
		940F9D562399A40A0028937B /* AVCaptureSession.swift */ = {isa = PBXFileReference; fileEncoding = 4; lastKnownFileType = sourcecode.swift; path = AVCaptureSession.swift; sourceTree = "<group>"; };
		940F9D722399A4BA0028937B /* JSONEncoder.swift */ = {isa = PBXFileReference; fileEncoding = 4; lastKnownFileType = sourcecode.swift; path = JSONEncoder.swift; sourceTree = "<group>"; };
		940F9D732399A4BA0028937B /* Calendar.swift */ = {isa = PBXFileReference; fileEncoding = 4; lastKnownFileType = sourcecode.swift; path = Calendar.swift; sourceTree = "<group>"; };
		940F9D762399A4BA0028937B /* JSONDecoder.swift */ = {isa = PBXFileReference; fileEncoding = 4; lastKnownFileType = sourcecode.swift; path = JSONDecoder.swift; sourceTree = "<group>"; };
		940F9DE9239AFB8A0028937B /* Capsule.swift */ = {isa = PBXFileReference; lastKnownFileType = sourcecode.swift; path = Capsule.swift; sourceTree = "<group>"; };
		94455B61238C45920063BB6E /* Capsule.framework */ = {isa = PBXFileReference; explicitFileType = wrapper.framework; includeInIndex = 0; path = Capsule.framework; sourceTree = BUILT_PRODUCTS_DIR; };
		94455B64238C45920063BB6E /* Capsule.h */ = {isa = PBXFileReference; lastKnownFileType = sourcecode.c.h; path = Capsule.h; sourceTree = "<group>"; };
		94455B65238C45920063BB6E /* Info.plist */ = {isa = PBXFileReference; lastKnownFileType = text.plist.xml; path = Info.plist; sourceTree = "<group>"; };
		9464C1872B1F8E250096F8AF /* Bundle.swift */ = {isa = PBXFileReference; lastKnownFileType = sourcecode.swift; path = Bundle.swift; sourceTree = "<group>"; };
		9471F4D22B7658430065CD44 /* Podfile */ = {isa = PBXFileReference; lastKnownFileType = text; path = Podfile; sourceTree = "<group>"; };
		9471F4D32B7658430065CD44 /* MIT-LICENSE.txt */ = {isa = PBXFileReference; lastKnownFileType = text; path = "MIT-LICENSE.txt"; sourceTree = "<group>"; };
		9471F4D42B7658430065CD44 /* Gemfile */ = {isa = PBXFileReference; lastKnownFileType = text; path = Gemfile; sourceTree = "<group>"; };
		9471F4D52B7658430065CD44 /* README.md */ = {isa = PBXFileReference; lastKnownFileType = net.daringfireball.markdown; path = README.md; sourceTree = "<group>"; };
		9471F4D62B7658950065CD44 /* .swiftlint.yml */ = {isa = PBXFileReference; lastKnownFileType = text.yaml; path = .swiftlint.yml; sourceTree = "<group>"; };
		9471F4DD2B7658BB0065CD44 /* Fastfile */ = {isa = PBXFileReference; lastKnownFileType = text; name = Fastfile; path = fastlane/Fastfile; sourceTree = "<group>"; };
		9471F4DE2B7658D10065CD44 /* Capsule.podspec */ = {isa = PBXFileReference; lastKnownFileType = text; path = Capsule.podspec; sourceTree = "<group>"; };
		9471F4DF2B7660440065CD44 /* .ruby-version */ = {isa = PBXFileReference; lastKnownFileType = text; path = ".ruby-version"; sourceTree = "<group>"; };
		9471F4EF2B7A6B040065CD44 /* Initializable.swift */ = {isa = PBXFileReference; lastKnownFileType = sourcecode.swift; path = Initializable.swift; sourceTree = "<group>"; };
		9471F4F22B7A6B3B0065CD44 /* AnyValue.swift */ = {isa = PBXFileReference; lastKnownFileType = sourcecode.swift; path = AnyValue.swift; sourceTree = "<group>"; };
		9471F4F52B7A6DC50065CD44 /* FakeAnyValue.swift */ = {isa = PBXFileReference; lastKnownFileType = sourcecode.swift; path = FakeAnyValue.swift; sourceTree = "<group>"; };
		9471F4F72B7A6E670065CD44 /* FakeInitializable.swift */ = {isa = PBXFileReference; lastKnownFileType = sourcecode.swift; path = FakeInitializable.swift; sourceTree = "<group>"; };
		94872AEC290F7C4400D3528B /* Package.swift */ = {isa = PBXFileReference; fileEncoding = 4; lastKnownFileType = sourcecode.swift; path = Package.swift; sourceTree = "<group>"; };
		949A594023A729CA0039E542 /* Atomic.swift */ = {isa = PBXFileReference; fileEncoding = 4; lastKnownFileType = sourcecode.swift; path = Atomic.swift; sourceTree = "<group>"; };
		949A594423A72AA80039E542 /* Builder.swift */ = {isa = PBXFileReference; lastKnownFileType = sourcecode.swift; path = Builder.swift; sourceTree = "<group>"; };
		94F0B75D256817F900C47488 /* NotificationCenter.swift */ = {isa = PBXFileReference; fileEncoding = 4; lastKnownFileType = sourcecode.swift; path = NotificationCenter.swift; sourceTree = "<group>"; };
		E00FFB7521B8B9010E3D3DCB /* Pods-Capsule.release.xcconfig */ = {isa = PBXFileReference; includeInIndex = 1; lastKnownFileType = text.xcconfig; name = "Pods-Capsule.release.xcconfig"; path = "Target Support Files/Pods-Capsule/Pods-Capsule.release.xcconfig"; sourceTree = "<group>"; };
/* End PBXFileReference section */

/* Begin PBXFrameworksBuildPhase section */
		94455B5E238C45920063BB6E /* Frameworks */ = {
			isa = PBXFrameworksBuildPhase;
			buildActionMask = 2147483647;
			files = (
				CF6AADE9586FD43AA3CFB857 /* Pods_Capsule.framework in Frameworks */,
			);
			runOnlyForDeploymentPostprocessing = 0;
		};
/* End PBXFrameworksBuildPhase section */

/* Begin PBXGroup section */
		35A4B400219F897567E4C4B4 /* Errors */ = {
			isa = PBXGroup;
			children = (
				35A4B38AC20E1ED441ACC3D0 /* Doom.swift */,
				35A4B04CA21410207207B1F4 /* EmptyError.swift */,
				35A4B45DD4025E1C3CACC0C7 /* Fakes */,
			);
			path = Errors;
			sourceTree = "<group>";
		};
		35A4B45DD4025E1C3CACC0C7 /* Fakes */ = {
			isa = PBXGroup;
			children = (
				35A4B714023A53FB7B94575E /* FakeGenericError.swift */,
			);
			path = Fakes;
			sourceTree = "<group>";
		};
		35A4B7DC5BD717C26A3EB4DF /* URLSession */ = {
			isa = PBXGroup;
			children = (
				35A4B2A70B9B1742FCD04705 /* FakeURLSession.swift */,
				35A4BAB2482046CAD2A1A1B2 /* FakeURLSessionDelegate.swift */,
				35A4B54870938BBBB0B1504D /* FakeURLSessionTask.swift */,
			);
			path = URLSession;
			sourceTree = "<group>";
		};
		35A4BB8090FB747023CF8F7F /* URLSession */ = {
			isa = PBXGroup;
			children = (
				35A4B089047C0B7596453551 /* URLSession.swift */,
				35A4B611D98FD56358D79677 /* URLSessionTask.swift */,
			);
			path = URLSession;
			sourceTree = "<group>";
		};
		940F9CE3239968950028937B /* Sources */ = {
			isa = PBXGroup;
			children = (
				940F9D512399A3940028937B /* Capsule */,
			);
			path = Sources;
			sourceTree = "<group>";
		};
		940F9D512399A3940028937B /* Capsule */ = {
			isa = PBXGroup;
			children = (
				94872B002918107200D3528B /* Constants */,
				35A4B400219F897567E4C4B4 /* Errors */,
				9484AC5F2B1F8AEC009DAB1A /* Extensions */,
				9471F4F12B7A6B250065CD44 /* Interfaces */,
				94872B04291810BB00D3528B /* Misc */,
				94872B05291810E100D3528B /* Property Wrappers */,
				94872B062918110100D3528B /* SDKs */,
			);
			path = Capsule;
			sourceTree = "<group>";
		};
		94455B57238C45920063BB6E = {
			isa = PBXGroup;
			children = (
				94455B63238C45920063BB6E /* Capsule */,
				940F9CE3239968950028937B /* Sources */,
				9471F4D12B7658260065CD44 /* Additional Files */,
				94455B62238C45920063BB6E /* Products */,
				FF06512646E3A75D78A80E83 /* Pods */,
				A0C0F8F733D544C3B4D5809C /* Frameworks */,
			);
			sourceTree = "<group>";
		};
		94455B62238C45920063BB6E /* Products */ = {
			isa = PBXGroup;
			children = (
				94455B61238C45920063BB6E /* Capsule.framework */,
			);
			name = Products;
			sourceTree = "<group>";
		};
		94455B63238C45920063BB6E /* Capsule */ = {
			isa = PBXGroup;
			children = (
				94455B64238C45920063BB6E /* Capsule.h */,
				94455B65238C45920063BB6E /* Info.plist */,
			);
			path = Capsule;
			sourceTree = "<group>";
		};
		9471F4D12B7658260065CD44 /* Additional Files */ = {
			isa = PBXGroup;
			children = (
				9471F4DF2B7660440065CD44 /* .ruby-version */,
				9471F4D62B7658950065CD44 /* .swiftlint.yml */,
				9471F4DE2B7658D10065CD44 /* Capsule.podspec */,
				9471F4DD2B7658BB0065CD44 /* Fastfile */,
				9471F4D42B7658430065CD44 /* Gemfile */,
				9471F4D32B7658430065CD44 /* MIT-LICENSE.txt */,
				94872AEC290F7C4400D3528B /* Package.swift */,
				9471F4D22B7658430065CD44 /* Podfile */,
				9471F4D52B7658430065CD44 /* README.md */,
			);
			name = "Additional Files";
			sourceTree = "<group>";
		};
		9471F4F12B7A6B250065CD44 /* Interfaces */ = {
			isa = PBXGroup;
			children = (
				9471F4F42B7A6DBA0065CD44 /* Fakes */,
				9471F4F22B7A6B3B0065CD44 /* AnyValue.swift */,
				9471F4EF2B7A6B040065CD44 /* Initializable.swift */,
			);
			path = Interfaces;
			sourceTree = "<group>";
		};
		9471F4F42B7A6DBA0065CD44 /* Fakes */ = {
			isa = PBXGroup;
			children = (
				9471F4F52B7A6DC50065CD44 /* FakeAnyValue.swift */,
				9471F4F72B7A6E670065CD44 /* FakeInitializable.swift */,
			);
			path = Fakes;
			sourceTree = "<group>";
		};
		9484AC5F2B1F8AEC009DAB1A /* Extensions */ = {
			isa = PBXGroup;
			children = (
				35A4BA908BD12876F103F769 /* Bundle+Capsule.swift */,
				35A4BD775ED402AD3104DCCF /* String+Capsule.swift */,
				35A4BC428C113FCAF1808551 /* URL+Capsule.swift */,
			);
			path = Extensions;
			sourceTree = "<group>";
		};
		94872B002918107200D3528B /* Constants */ = {
			isa = PBXGroup;
			children = (
				940F9DE9239AFB8A0028937B /* Capsule.swift */,
			);
			path = Constants;
			sourceTree = "<group>";
		};
		94872B04291810BB00D3528B /* Misc */ = {
			isa = PBXGroup;
			children = (
				949A594423A72AA80039E542 /* Builder.swift */,
				35A4B2782F4A48C3DD0FADE1 /* Fake.swift */,
			);
			path = Misc;
			sourceTree = "<group>";
		};
		94872B05291810E100D3528B /* Property Wrappers */ = {
			isa = PBXGroup;
			children = (
				949A594023A729CA0039E542 /* Atomic.swift */,
			);
			path = "Property Wrappers";
			sourceTree = "<group>";
		};
		94872B062918110100D3528B /* SDKs */ = {
			isa = PBXGroup;
			children = (
				94872B072918110800D3528B /* AVFoundation */,
				94872B0C2918115B00D3528B /* Foundation */,
				94872B14291811FB00D3528B /* UIKit */,
			);
			path = SDKs;
			sourceTree = "<group>";
		};
		94872B072918110800D3528B /* AVFoundation */ = {
			isa = PBXGroup;
			children = (
				94872B082918111000D3528B /* Protocols */,
				94872B0A2918113600D3528B /* Wrappers */,
			);
			path = AVFoundation;
			sourceTree = "<group>";
		};
		94872B082918111000D3528B /* Protocols */ = {
			isa = PBXGroup;
			children = (
				94872B092918111700D3528B /* Fakes */,
				940F9D562399A40A0028937B /* AVCaptureSession.swift */,
			);
			path = Protocols;
			sourceTree = "<group>";
		};
		94872B092918111700D3528B /* Fakes */ = {
			isa = PBXGroup;
			children = (
				35A4B4999A48F053A7AD04B0 /* FakeAVCaptureSession.swift */,
			);
			path = Fakes;
			sourceTree = "<group>";
		};
		94872B0A2918113600D3528B /* Wrappers */ = {
			isa = PBXGroup;
			children = (
				94872B0B2918113E00D3528B /* Fakes */,
				35A4B8A4B080D6D6747E5840 /* AudioServicesWrapper.swift */,
			);
			path = Wrappers;
			sourceTree = "<group>";
		};
		94872B0B2918113E00D3528B /* Fakes */ = {
			isa = PBXGroup;
			children = (
				35A4BDC8288F32DC3F239371 /* FakeAudioServicesWrapper.swift */,
			);
			path = Fakes;
			sourceTree = "<group>";
		};
		94872B0C2918115B00D3528B /* Foundation */ = {
			isa = PBXGroup;
			children = (
				94872B0D2918116400D3528B /* Builders */,
				94872B0F2918118400D3528B /* Protocols */,
				94872B12291811B400D3528B /* Wrappers */,
			);
			path = Foundation;
			sourceTree = "<group>";
		};
		94872B0D2918116400D3528B /* Builders */ = {
			isa = PBXGroup;
			children = (
				94872B0E2918116A00D3528B /* Fakes */,
				35A4B1DEECDA46358C00035A /* DispatchWorkItemWrapperBuilder.swift */,
			);
			path = Builders;
			sourceTree = "<group>";
		};
		94872B0E2918116A00D3528B /* Fakes */ = {
			isa = PBXGroup;
			children = (
				35A4B85C194B1064482C6CFD /* FakeDispatchWorkItemWrapperBuilder.swift */,
			);
			path = Fakes;
			sourceTree = "<group>";
		};
		94872B0F2918118400D3528B /* Protocols */ = {
			isa = PBXGroup;
			children = (
				94872B102918119300D3528B /* Fakes */,
				9464C1872B1F8E250096F8AF /* Bundle.swift */,
				940F9D732399A4BA0028937B /* Calendar.swift */,
				940F9D762399A4BA0028937B /* JSONDecoder.swift */,
				940F9D722399A4BA0028937B /* JSONEncoder.swift */,
				94F0B75D256817F900C47488 /* NotificationCenter.swift */,
				35A4B08F71C8FCEF11BC6488 /* UUID.swift */,
				35A4B1703F339FB3920DD66E /* UserDefaults.swift */,
				35A4BC571E83F6677FE7BE20 /* FileManager.swift */,
				35A4BB8090FB747023CF8F7F /* URLSession */,
			);
			path = Protocols;
			sourceTree = "<group>";
		};
		94872B102918119300D3528B /* Fakes */ = {
			isa = PBXGroup;
			children = (
				35A4BB45A7DC0AA94D781DA3 /* FakeBundle.swift */,
				35A4B4FE246BE378FEB47CB2 /* FakeCalendar.swift */,
				35A4B4250DFA35A92D8B835A /* FakeFileManager.swift */,
				35A4BAF94A795B97DBA6FCC5 /* FakeJSONDecoder.swift */,
				35A4BD6CDBC6F165D81A2407 /* FakeJSONEncoder.swift */,
				35A4BF8D74EE6A45BE127429 /* FakeNSLocking.swift */,
				35A4B45DA7F1416EBFE4F315 /* FakeNotificationCenter.swift */,
				35A4B17E01B9131B60D18A0A /* FakeUUID.swift */,
				35A4BEFC95A0DDAC8930BC38 /* FakeUserDefaults.swift */,
				35A4B7DC5BD717C26A3EB4DF /* URLSession */,
			);
			path = Fakes;
			sourceTree = "<group>";
		};
		94872B12291811B400D3528B /* Wrappers */ = {
			isa = PBXGroup;
			children = (
				94872B13291811C800D3528B /* Fakes */,
				35A4BD26F28B62C64C769B14 /* JSONCodableWrapper+Capsule.swift */,
				35A4B3420F7948F4134AB176 /* DataWrapper.swift */,
				35A4B77EA323525C7AD6AAC1 /* DispatchQueueWrapper.swift */,
				35A4BB1E5873B4C606BCD8FD /* DispatchWorkItemWrapper.swift */,
				35A4B7781B2D621C293F975E /* JSONCodableWrapper.swift */,
				35A4B491ECA2567F0A19FFD5 /* JSONSerializationWrapper.swift */,
				35A4B13B9AEBB42F9B4B81EA /* SimulatorWrapper.swift */,
				35A4B3EDA1E80876D881F662 /* SleepWrapper.swift */,
				35A4B7E0A528B1CBC66B2D4D /* StringWrapper.swift */,
				35A4BF854C4C5C855EF322D4 /* TimerWrapper.swift */,
			);
			path = Wrappers;
			sourceTree = "<group>";
		};
		94872B13291811C800D3528B /* Fakes */ = {
			isa = PBXGroup;
			children = (
				35A4B0F16A699125EFA83F2B /* FakeDataWrapper.swift */,
				35A4B45E74290922887812A4 /* FakeDispatchQueueWrapper.swift */,
				35A4B53262E61A207EF48E6F /* FakeDispatchWorkItemWrapper.swift */,
				35A4B6395615BA6B40F1FFD2 /* FakeJSONCodableWrapper.swift */,
				35A4B065E063AFEF3A5A530D /* FakeJSONSerializationWrapper.swift */,
				35A4BED0656DEAA0D40F1FEF /* FakeSimulatorWrapper.swift */,
				35A4BF12A7813E00BDA2D9EE /* FakeSleepWrapper.swift */,
				35A4B0BA3B9CB354E94B9342 /* FakeStringWrapper.swift */,
				35A4B04E861F66E04B1281C4 /* FakeTimerWrapper.swift */,
			);
			path = Fakes;
			sourceTree = "<group>";
		};
		94872B14291811FB00D3528B /* UIKit */ = {
			isa = PBXGroup;
			children = (
				94872B152918120700D3528B /* Builders */,
				94872B172918122300D3528B /* Protocols */,
				94872B192918123F00D3528B /* Wrappers */,
			);
			path = UIKit;
			sourceTree = "<group>";
		};
		94872B152918120700D3528B /* Builders */ = {
			isa = PBXGroup;
			children = (
				94872B162918121000D3528B /* Fakes */,
				35A4B3AE3799E151884397B9 /* StoryboardBuilder.swift */,
				35A4B63F387481B8C6C590EF /* TableViewCellBuilder.swift */,
				35A4BB897647083BF1AF5064 /* UIAlertControllerBuilder.swift */,
			);
			path = Builders;
			sourceTree = "<group>";
		};
		94872B162918121000D3528B /* Fakes */ = {
			isa = PBXGroup;
			children = (
				35A4B6F92C2C82F3605E49E0 /* FakeStoryboardBuilder.swift */,
				35A4B135DCE358E50D486D05 /* FakeTableViewCellBuilder.swift */,
				35A4BE1B0AADC8DA46F78972 /* FakeUIAlertControllerBuilder.swift */,
			);
			path = Fakes;
			sourceTree = "<group>";
		};
		94872B172918122300D3528B /* Protocols */ = {
			isa = PBXGroup;
			children = (
				94872B182918122F00D3528B /* Fakes */,
				35A4B7044E0268551F0D49A3 /* UIPasteboard.swift */,
			);
			path = Protocols;
			sourceTree = "<group>";
		};
		94872B182918122F00D3528B /* Fakes */ = {
			isa = PBXGroup;
			children = (
				35A4B92077DCE5C267DEFADD /* FakeUIPasteboard.swift */,
			);
			path = Fakes;
			sourceTree = "<group>";
		};
		94872B192918123F00D3528B /* Wrappers */ = {
			isa = PBXGroup;
			children = (
				94872B1A2918124F00D3528B /* Fakes */,
				35A4B23BD03AA5E49E4EE34B /* UIAlertActionWrapper.swift */,
				35A4B50379684B8FAF394306 /* UIViewWrapper.swift */,
			);
			path = Wrappers;
			sourceTree = "<group>";
		};
		94872B1A2918124F00D3528B /* Fakes */ = {
			isa = PBXGroup;
			children = (
				35A4B7BC188A0A99E3907217 /* FakeUIViewWrapper.swift */,
			);
			path = Fakes;
			sourceTree = "<group>";
		};
		A0C0F8F733D544C3B4D5809C /* Frameworks */ = {
			isa = PBXGroup;
			children = (
				89185E854D912AF3945AB5A4 /* Pods_Capsule.framework */,
			);
			name = Frameworks;
			sourceTree = "<group>";
		};
		FF06512646E3A75D78A80E83 /* Pods */ = {
			isa = PBXGroup;
			children = (
				31D7B35ACF2AC94C2FEFEE23 /* Pods-Capsule.debug.xcconfig */,
				E00FFB7521B8B9010E3D3DCB /* Pods-Capsule.release.xcconfig */,
			);
			path = Pods;
			sourceTree = "<group>";
		};
/* End PBXGroup section */

/* Begin PBXHeadersBuildPhase section */
		94455B5C238C45920063BB6E /* Headers */ = {
			isa = PBXHeadersBuildPhase;
			buildActionMask = 2147483647;
			files = (
				94455B66238C45920063BB6E /* Capsule.h in Headers */,
			);
			runOnlyForDeploymentPostprocessing = 0;
		};
/* End PBXHeadersBuildPhase section */

/* Begin PBXNativeTarget section */
		94455B60238C45920063BB6E /* Capsule */ = {
			isa = PBXNativeTarget;
			buildConfigurationList = 94455B69238C45920063BB6E /* Build configuration list for PBXNativeTarget "Capsule" */;
			buildPhases = (
				9AF703FC411E8CE04C8F785A /* [CP] Check Pods Manifest.lock */,
				94455B5C238C45920063BB6E /* Headers */,
				94455B5D238C45920063BB6E /* Sources */,
				94455B5E238C45920063BB6E /* Frameworks */,
				94455B5F238C45920063BB6E /* Resources */,
				94341A70238C47CE00BC8355 /* SwiftLint Run Script */,
			);
			buildRules = (
			);
			dependencies = (
			);
			name = Capsule;
			productName = Capsule;
			productReference = 94455B61238C45920063BB6E /* Capsule.framework */;
			productType = "com.apple.product-type.framework";
		};
/* End PBXNativeTarget section */

/* Begin PBXProject section */
		94455B58238C45920063BB6E /* Project object */ = {
			isa = PBXProject;
			attributes = {
				BuildIndependentTargetsInParallel = YES;
				LastUpgradeCheck = 1500;
				TargetAttributes = {
					94455B60238C45920063BB6E = {
						CreatedOnToolsVersion = 11.2.1;
						LastSwiftMigration = 1120;
					};
				};
			};
			buildConfigurationList = 94455B5B238C45920063BB6E /* Build configuration list for PBXProject "Capsule" */;
			compatibilityVersion = "Xcode 9.3";
			developmentRegion = en;
			hasScannedForEncodings = 0;
			knownRegions = (
				en,
				Base,
			);
			mainGroup = 94455B57238C45920063BB6E;
			productRefGroup = 94455B62238C45920063BB6E /* Products */;
			projectDirPath = "";
			projectRoot = "";
			targets = (
				94455B60238C45920063BB6E /* Capsule */,
			);
		};
/* End PBXProject section */

/* Begin PBXResourcesBuildPhase section */
		94455B5F238C45920063BB6E /* Resources */ = {
			isa = PBXResourcesBuildPhase;
			buildActionMask = 2147483647;
			files = (
			);
			runOnlyForDeploymentPostprocessing = 0;
		};
/* End PBXResourcesBuildPhase section */

/* Begin PBXShellScriptBuildPhase section */
		94341A70238C47CE00BC8355 /* SwiftLint Run Script */ = {
			isa = PBXShellScriptBuildPhase;
			alwaysOutOfDate = 1;
			buildActionMask = 2147483647;
			files = (
			);
			inputFileListPaths = (
			);
			inputPaths = (
			);
			name = "SwiftLint Run Script";
			outputFileListPaths = (
			);
			outputPaths = (
			);
			runOnlyForDeploymentPostprocessing = 0;
			shellPath = /bin/sh;
			shellScript = "${PODS_ROOT}/SwiftLint/swiftlint\n";
		};
		9AF703FC411E8CE04C8F785A /* [CP] Check Pods Manifest.lock */ = {
			isa = PBXShellScriptBuildPhase;
			buildActionMask = 2147483647;
			files = (
			);
			inputFileListPaths = (
			);
			inputPaths = (
				"${PODS_PODFILE_DIR_PATH}/Podfile.lock",
				"${PODS_ROOT}/Manifest.lock",
			);
			name = "[CP] Check Pods Manifest.lock";
			outputFileListPaths = (
			);
			outputPaths = (
				"$(DERIVED_FILE_DIR)/Pods-Capsule-checkManifestLockResult.txt",
			);
			runOnlyForDeploymentPostprocessing = 0;
			shellPath = /bin/sh;
			shellScript = "diff \"${PODS_PODFILE_DIR_PATH}/Podfile.lock\" \"${PODS_ROOT}/Manifest.lock\" > /dev/null\nif [ $? != 0 ] ; then\n    # print error to STDERR\n    echo \"error: The sandbox is not in sync with the Podfile.lock. Run 'pod install' or update your CocoaPods installation.\" >&2\n    exit 1\nfi\n# This output is used by Xcode 'outputs' to avoid re-running this script phase.\necho \"SUCCESS\" > \"${SCRIPT_OUTPUT_FILE_0}\"\n";
			showEnvVarsInLog = 0;
		};
/* End PBXShellScriptBuildPhase section */

/* Begin PBXSourcesBuildPhase section */
		94455B5D238C45920063BB6E /* Sources */ = {
			isa = PBXSourcesBuildPhase;
			buildActionMask = 2147483647;
			files = (
				940F9DEA239AFB8A0028937B /* Capsule.swift in Sources */,
				949A594123A729CA0039E542 /* Atomic.swift in Sources */,
				94F0B75E256817F900C47488 /* NotificationCenter.swift in Sources */,
				9464C1882B1F8E250096F8AF /* Bundle.swift in Sources */,
				940F9D7D2399A4BA0028937B /* JSONDecoder.swift in Sources */,
				940F9D7A2399A4BA0028937B /* Calendar.swift in Sources */,
				940F9D792399A4BA0028937B /* JSONEncoder.swift in Sources */,
				940F9D572399A40A0028937B /* AVCaptureSession.swift in Sources */,
				949A594523A72AA80039E542 /* Builder.swift in Sources */,
				35A4B5F9A6B13BCE6CD7187B /* Bundle+Capsule.swift in Sources */,
				35A4B00DC7615E05F337C4C6 /* UUID.swift in Sources */,
				35A4B43660B88CFDD4A87638 /* UserDefaults.swift in Sources */,
				35A4BCC69EB3298A87DA5F63 /* JSONCodableWrapper+Capsule.swift in Sources */,
				35A4B013911A3E07D676752D /* UIPasteboard.swift in Sources */,
				35A4BBF0FE61FEE925534CE6 /* Doom.swift in Sources */,
				35A4B5F58980C61E844AD206 /* EmptyError.swift in Sources */,
				35A4BE43CA7679DCF37E47E2 /* FakeGenericError.swift in Sources */,
				35A4B552068E5693DD3ECB6D /* String+Capsule.swift in Sources */,
				35A4BBB918F4CAF3312E5BBF /* URL+Capsule.swift in Sources */,
				35A4BBEC982592B8893F7EDB /* Fake.swift in Sources */,
				35A4B73AA08FC77A489483A6 /* FakeAVCaptureSession.swift in Sources */,
				35A4B87E2CDD63D198F373ED /* AudioServicesWrapper.swift in Sources */,
				35A4B3C3417B167A8E18CD67 /* FakeAudioServicesWrapper.swift in Sources */,
				35A4BAD825C118D501B30DD9 /* DispatchWorkItemWrapperBuilder.swift in Sources */,
				35A4BB3F68E54F9E785498C1 /* FakeDispatchWorkItemWrapperBuilder.swift in Sources */,
				35A4BA6B3DB54C44BB4DD3CA /* FakeBundle.swift in Sources */,
				35A4B724511D71C9B45FE0D0 /* FakeCalendar.swift in Sources */,
				35A4B052E9E8AD294C18F99A /* FakeFileManager.swift in Sources */,
				35A4BE396012003874111293 /* FakeJSONDecoder.swift in Sources */,
				35A4B6C18CAFA5632E04E3F8 /* FakeJSONEncoder.swift in Sources */,
				35A4B3E6A2412044DCEFA0B5 /* FakeNSLocking.swift in Sources */,
				35A4B5150C115364D5177537 /* FakeNotificationCenter.swift in Sources */,
				35A4BBFCA7E5FF303034BA8A /* FakeUUID.swift in Sources */,
				35A4B566B97F187C25EC5CDE /* FakeUserDefaults.swift in Sources */,
				35A4B350E878FC118DFCACDA /* FakeURLSession.swift in Sources */,
				35A4BAD0FBCFECF7CEFE01ED /* FakeURLSessionDelegate.swift in Sources */,
				35A4B607F6E2D3950799BB23 /* FakeURLSessionTask.swift in Sources */,
				35A4B18F099303FCCD3ACE8D /* FileManager.swift in Sources */,
				9471F4F62B7A6DC50065CD44 /* FakeAnyValue.swift in Sources */,
				35A4BEB2C91E56406FB38BAE /* URLSession.swift in Sources */,
				35A4BEE7989A465D3CC48098 /* URLSessionTask.swift in Sources */,
				35A4B90AFC3387AF986D7C15 /* DataWrapper.swift in Sources */,
				35A4BBE726A04E65F0D3BA4A /* DispatchQueueWrapper.swift in Sources */,
				35A4B25962DEABBDDA0C2DC4 /* DispatchWorkItemWrapper.swift in Sources */,
				35A4B24AEDE3F46637ABF96F /* FakeDataWrapper.swift in Sources */,
				35A4B926E54B85A903C8868D /* FakeDispatchQueueWrapper.swift in Sources */,
				35A4B286E180A38DF51511B4 /* FakeDispatchWorkItemWrapper.swift in Sources */,
				35A4B5020ADB7F728B064C08 /* FakeJSONCodableWrapper.swift in Sources */,
				35A4B83A637465EAACFEA86B /* FakeJSONSerializationWrapper.swift in Sources */,
				35A4BB7C467D39655A50893B /* FakeSimulatorWrapper.swift in Sources */,
				9471F4F82B7A6E670065CD44 /* FakeInitializable.swift in Sources */,
				35A4B937ACAED4B9B6008BCC /* FakeSleepWrapper.swift in Sources */,
				35A4B031D52B4DB6848822D7 /* FakeStringWrapper.swift in Sources */,
				35A4B2AEFC2E33C9C5651114 /* FakeTimerWrapper.swift in Sources */,
				35A4BF53BF15526FE8E5D759 /* JSONCodableWrapper.swift in Sources */,
				35A4BF4F8124B129836832EB /* JSONSerializationWrapper.swift in Sources */,
				35A4B6BAA82084721545D89E /* SimulatorWrapper.swift in Sources */,
				35A4B71B6C9792BBE9669B22 /* SleepWrapper.swift in Sources */,
				35A4BAB151B6CDD054FBA8F6 /* StringWrapper.swift in Sources */,
				35A4BED5D122674486C39D1D /* TimerWrapper.swift in Sources */,
				9471F4F02B7A6B040065CD44 /* Initializable.swift in Sources */,
				35A4B329DD8129CF9E4CBC43 /* FakeStoryboardBuilder.swift in Sources */,
				35A4B4BD0B948B833CC5B304 /* FakeTableViewCellBuilder.swift in Sources */,
				35A4B4677C40193B05E319A4 /* FakeUIAlertControllerBuilder.swift in Sources */,
				35A4B5C0921945DD85446B53 /* StoryboardBuilder.swift in Sources */,
				35A4B4CE273828A75515AD30 /* TableViewCellBuilder.swift in Sources */,
				35A4BA6C4E1624FA15874E69 /* UIAlertControllerBuilder.swift in Sources */,
				9471F4F32B7A6B3B0065CD44 /* AnyValue.swift in Sources */,
				35A4BEDEB5A5167D02F0460F /* FakeUIPasteboard.swift in Sources */,
				35A4B408DCBE8D6428B54FB3 /* FakeUIViewWrapper.swift in Sources */,
				35A4BC818C358DC1265C5889 /* UIAlertActionWrapper.swift in Sources */,
				35A4BA8CBD23CA887B597432 /* UIViewWrapper.swift in Sources */,
			);
			runOnlyForDeploymentPostprocessing = 0;
		};
/* End PBXSourcesBuildPhase section */

/* Begin XCBuildConfiguration section */
		94455B67238C45920063BB6E /* Debug */ = {
			isa = XCBuildConfiguration;
			buildSettings = {
				ALWAYS_SEARCH_USER_PATHS = NO;
				ASSETCATALOG_COMPILER_GENERATE_SWIFT_ASSET_SYMBOL_EXTENSIONS = YES;
				CLANG_ANALYZER_NONNULL = YES;
				CLANG_ANALYZER_NUMBER_OBJECT_CONVERSION = YES_AGGRESSIVE;
				CLANG_CXX_LANGUAGE_STANDARD = "gnu++14";
				CLANG_CXX_LIBRARY = "libc++";
				CLANG_ENABLE_MODULES = YES;
				CLANG_ENABLE_OBJC_ARC = YES;
				CLANG_ENABLE_OBJC_WEAK = YES;
				CLANG_WARN_BLOCK_CAPTURE_AUTORELEASING = YES;
				CLANG_WARN_BOOL_CONVERSION = YES;
				CLANG_WARN_COMMA = YES;
				CLANG_WARN_CONSTANT_CONVERSION = YES;
				CLANG_WARN_DEPRECATED_OBJC_IMPLEMENTATIONS = YES;
				CLANG_WARN_DIRECT_OBJC_ISA_USAGE = YES_ERROR;
				CLANG_WARN_DOCUMENTATION_COMMENTS = YES;
				CLANG_WARN_EMPTY_BODY = YES;
				CLANG_WARN_ENUM_CONVERSION = YES;
				CLANG_WARN_INFINITE_RECURSION = YES;
				CLANG_WARN_INT_CONVERSION = YES;
				CLANG_WARN_NON_LITERAL_NULL_CONVERSION = YES;
				CLANG_WARN_OBJC_IMPLICIT_RETAIN_SELF = YES;
				CLANG_WARN_OBJC_LITERAL_CONVERSION = YES;
				CLANG_WARN_OBJC_ROOT_CLASS = YES_ERROR;
				CLANG_WARN_QUOTED_INCLUDE_IN_FRAMEWORK_HEADER = YES;
				CLANG_WARN_RANGE_LOOP_ANALYSIS = YES;
				CLANG_WARN_STRICT_PROTOTYPES = YES;
				CLANG_WARN_SUSPICIOUS_MOVE = YES;
				CLANG_WARN_UNGUARDED_AVAILABILITY = YES_AGGRESSIVE;
				CLANG_WARN_UNREACHABLE_CODE = YES;
				CLANG_WARN__DUPLICATE_METHOD_MATCH = YES;
				COPY_PHASE_STRIP = NO;
				CURRENT_PROJECT_VERSION = 1;
				DEBUG_INFORMATION_FORMAT = dwarf;
				ENABLE_STRICT_OBJC_MSGSEND = YES;
				ENABLE_TESTABILITY = YES;
				ENABLE_USER_SCRIPT_SANDBOXING = YES;
				GCC_C_LANGUAGE_STANDARD = gnu11;
				GCC_DYNAMIC_NO_PIC = NO;
				GCC_NO_COMMON_BLOCKS = YES;
				GCC_OPTIMIZATION_LEVEL = 0;
				GCC_PREPROCESSOR_DEFINITIONS = (
					"DEBUG=1",
					"$(inherited)",
				);
				GCC_WARN_64_TO_32_BIT_CONVERSION = YES;
				GCC_WARN_ABOUT_RETURN_TYPE = YES_ERROR;
				GCC_WARN_UNDECLARED_SELECTOR = YES;
				GCC_WARN_UNINITIALIZED_AUTOS = YES_AGGRESSIVE;
				GCC_WARN_UNUSED_FUNCTION = YES;
				GCC_WARN_UNUSED_VARIABLE = YES;
				IPHONEOS_DEPLOYMENT_TARGET = 12.0;
				MARKETING_VERSION = 1.6.1;
				MTL_ENABLE_DEBUG_INFO = INCLUDE_SOURCE;
				MTL_FAST_MATH = YES;
				ONLY_ACTIVE_ARCH = YES;
				SDKROOT = iphoneos;
				SWIFT_ACTIVE_COMPILATION_CONDITIONS = DEBUG;
				SWIFT_OPTIMIZATION_LEVEL = "-Onone";
				VERSIONING_SYSTEM = "apple-generic";
				VERSION_INFO_PREFIX = "";
			};
			name = Debug;
		};
		94455B68238C45920063BB6E /* Release */ = {
			isa = XCBuildConfiguration;
			buildSettings = {
				ALWAYS_SEARCH_USER_PATHS = NO;
				ASSETCATALOG_COMPILER_GENERATE_SWIFT_ASSET_SYMBOL_EXTENSIONS = YES;
				CLANG_ANALYZER_NONNULL = YES;
				CLANG_ANALYZER_NUMBER_OBJECT_CONVERSION = YES_AGGRESSIVE;
				CLANG_CXX_LANGUAGE_STANDARD = "gnu++14";
				CLANG_CXX_LIBRARY = "libc++";
				CLANG_ENABLE_MODULES = YES;
				CLANG_ENABLE_OBJC_ARC = YES;
				CLANG_ENABLE_OBJC_WEAK = YES;
				CLANG_WARN_BLOCK_CAPTURE_AUTORELEASING = YES;
				CLANG_WARN_BOOL_CONVERSION = YES;
				CLANG_WARN_COMMA = YES;
				CLANG_WARN_CONSTANT_CONVERSION = YES;
				CLANG_WARN_DEPRECATED_OBJC_IMPLEMENTATIONS = YES;
				CLANG_WARN_DIRECT_OBJC_ISA_USAGE = YES_ERROR;
				CLANG_WARN_DOCUMENTATION_COMMENTS = YES;
				CLANG_WARN_EMPTY_BODY = YES;
				CLANG_WARN_ENUM_CONVERSION = YES;
				CLANG_WARN_INFINITE_RECURSION = YES;
				CLANG_WARN_INT_CONVERSION = YES;
				CLANG_WARN_NON_LITERAL_NULL_CONVERSION = YES;
				CLANG_WARN_OBJC_IMPLICIT_RETAIN_SELF = YES;
				CLANG_WARN_OBJC_LITERAL_CONVERSION = YES;
				CLANG_WARN_OBJC_ROOT_CLASS = YES_ERROR;
				CLANG_WARN_QUOTED_INCLUDE_IN_FRAMEWORK_HEADER = YES;
				CLANG_WARN_RANGE_LOOP_ANALYSIS = YES;
				CLANG_WARN_STRICT_PROTOTYPES = YES;
				CLANG_WARN_SUSPICIOUS_MOVE = YES;
				CLANG_WARN_UNGUARDED_AVAILABILITY = YES_AGGRESSIVE;
				CLANG_WARN_UNREACHABLE_CODE = YES;
				CLANG_WARN__DUPLICATE_METHOD_MATCH = YES;
				COPY_PHASE_STRIP = NO;
				CURRENT_PROJECT_VERSION = 1;
				DEBUG_INFORMATION_FORMAT = "dwarf-with-dsym";
				ENABLE_NS_ASSERTIONS = NO;
				ENABLE_STRICT_OBJC_MSGSEND = YES;
				ENABLE_USER_SCRIPT_SANDBOXING = YES;
				GCC_C_LANGUAGE_STANDARD = gnu11;
				GCC_NO_COMMON_BLOCKS = YES;
				GCC_WARN_64_TO_32_BIT_CONVERSION = YES;
				GCC_WARN_ABOUT_RETURN_TYPE = YES_ERROR;
				GCC_WARN_UNDECLARED_SELECTOR = YES;
				GCC_WARN_UNINITIALIZED_AUTOS = YES_AGGRESSIVE;
				GCC_WARN_UNUSED_FUNCTION = YES;
				GCC_WARN_UNUSED_VARIABLE = YES;
				IPHONEOS_DEPLOYMENT_TARGET = 12.0;
				MARKETING_VERSION = 1.6.1;
				MTL_ENABLE_DEBUG_INFO = NO;
				MTL_FAST_MATH = YES;
				SDKROOT = iphoneos;
				SWIFT_COMPILATION_MODE = wholemodule;
				SWIFT_OPTIMIZATION_LEVEL = "-O";
				VALIDATE_PRODUCT = YES;
				VERSIONING_SYSTEM = "apple-generic";
				VERSION_INFO_PREFIX = "";
			};
			name = Release;
		};
		94455B6A238C45920063BB6E /* Debug */ = {
			isa = XCBuildConfiguration;
			baseConfigurationReference = 31D7B35ACF2AC94C2FEFEE23 /* Pods-Capsule.debug.xcconfig */;
			buildSettings = {
				CLANG_ENABLE_MODULES = YES;
				CODE_SIGN_IDENTITY = "";
				CODE_SIGN_STYLE = Manual;
				DEFINES_MODULE = YES;
				DEVELOPMENT_TEAM = "";
				DYLIB_COMPATIBILITY_VERSION = 1;
				DYLIB_CURRENT_VERSION = 1;
				DYLIB_INSTALL_NAME_BASE = "@rpath";
				ENABLE_MODULE_VERIFIER = YES;
				ENABLE_USER_SCRIPT_SANDBOXING = NO;
				INFOPLIST_FILE = Capsule/Info.plist;
				INSTALL_PATH = "$(LOCAL_LIBRARY_DIR)/Frameworks";
				IPHONEOS_DEPLOYMENT_TARGET = 12.0;
				LD_RUNPATH_SEARCH_PATHS = (
					"$(inherited)",
					"@executable_path/Frameworks",
					"@loader_path/Frameworks",
				);
				MARKETING_VERSION = 1.6.1;
				MODULE_VERIFIER_SUPPORTED_LANGUAGES = "objective-c objective-c++";
				MODULE_VERIFIER_SUPPORTED_LANGUAGE_STANDARDS = "gnu11 gnu++14";
				PRODUCT_BUNDLE_IDENTIFIER = teamthick.capsule;
				PRODUCT_NAME = "$(TARGET_NAME:c99extidentifier)";
				PROVISIONING_PROFILE_SPECIFIER = "";
				"PROVISIONING_PROFILE_SPECIFIER[sdk=macosx*]" = "";
				SKIP_INSTALL = YES;
				SUPPORTS_MACCATALYST = NO;
				SWIFT_OPTIMIZATION_LEVEL = "-Onone";
				SWIFT_VERSION = 5.0;
				TARGETED_DEVICE_FAMILY = "1,2";
			};
			name = Debug;
		};
		94455B6B238C45920063BB6E /* Release */ = {
			isa = XCBuildConfiguration;
			baseConfigurationReference = E00FFB7521B8B9010E3D3DCB /* Pods-Capsule.release.xcconfig */;
			buildSettings = {
				CLANG_ENABLE_MODULES = YES;
				CODE_SIGN_IDENTITY = "";
				CODE_SIGN_STYLE = Manual;
				DEFINES_MODULE = YES;
				DEVELOPMENT_TEAM = "";
				DYLIB_COMPATIBILITY_VERSION = 1;
				DYLIB_CURRENT_VERSION = 1;
				DYLIB_INSTALL_NAME_BASE = "@rpath";
				ENABLE_MODULE_VERIFIER = YES;
				ENABLE_USER_SCRIPT_SANDBOXING = NO;
				INFOPLIST_FILE = Capsule/Info.plist;
				INSTALL_PATH = "$(LOCAL_LIBRARY_DIR)/Frameworks";
				IPHONEOS_DEPLOYMENT_TARGET = 12.0;
				LD_RUNPATH_SEARCH_PATHS = (
					"$(inherited)",
					"@executable_path/Frameworks",
					"@loader_path/Frameworks",
				);
				MARKETING_VERSION = 1.6.1;
				MODULE_VERIFIER_SUPPORTED_LANGUAGES = "objective-c objective-c++";
				MODULE_VERIFIER_SUPPORTED_LANGUAGE_STANDARDS = "gnu11 gnu++14";
				PRODUCT_BUNDLE_IDENTIFIER = teamthick.capsule;
				PRODUCT_NAME = "$(TARGET_NAME:c99extidentifier)";
				PROVISIONING_PROFILE_SPECIFIER = "";
				"PROVISIONING_PROFILE_SPECIFIER[sdk=macosx*]" = "";
				SKIP_INSTALL = YES;
				SUPPORTS_MACCATALYST = NO;
				SWIFT_VERSION = 5.0;
				TARGETED_DEVICE_FAMILY = "1,2";
			};
			name = Release;
		};
/* End XCBuildConfiguration section */

/* Begin XCConfigurationList section */
		94455B5B238C45920063BB6E /* Build configuration list for PBXProject "Capsule" */ = {
			isa = XCConfigurationList;
			buildConfigurations = (
				94455B67238C45920063BB6E /* Debug */,
				94455B68238C45920063BB6E /* Release */,
			);
			defaultConfigurationIsVisible = 0;
			defaultConfigurationName = Release;
		};
		94455B69238C45920063BB6E /* Build configuration list for PBXNativeTarget "Capsule" */ = {
			isa = XCConfigurationList;
			buildConfigurations = (
				94455B6A238C45920063BB6E /* Debug */,
				94455B6B238C45920063BB6E /* Release */,
			);
			defaultConfigurationIsVisible = 0;
			defaultConfigurationName = Release;
		};
/* End XCConfigurationList section */
	};
	rootObject = 94455B58238C45920063BB6E /* Project object */;
}
