// !$*UTF8*$!
{
	archiveVersion = 1;
	classes = {
	};
	objectVersion = 50;
	objects = {

/* Begin PBXBuildFile section */
		940F9D532399A3E30028937B /* Bundle+Capsule.swift in Sources */ = {isa = PBXBuildFile; fileRef = 940F9D522399A3E30028937B /* Bundle+Capsule.swift */; };
		940F9D552399A3FA0028937B /* FakeAVCaptureSession.swift in Sources */ = {isa = PBXBuildFile; fileRef = 940F9D542399A3FA0028937B /* FakeAVCaptureSession.swift */; };
		940F9D572399A40A0028937B /* AVCaptureSession.swift in Sources */ = {isa = PBXBuildFile; fileRef = 940F9D562399A40A0028937B /* AVCaptureSession.swift */; };
		940F9D592399A4300028937B /* FakeAudioServicesWrapper.swift in Sources */ = {isa = PBXBuildFile; fileRef = 940F9D582399A4300028937B /* FakeAudioServicesWrapper.swift */; };
		940F9D5B2399A43B0028937B /* AudioServicesWrapper.swift in Sources */ = {isa = PBXBuildFile; fileRef = 940F9D5A2399A43B0028937B /* AudioServicesWrapper.swift */; };
		940F9D5D2399A4510028937B /* DispatchWorkItemWrapperBuilder.swift in Sources */ = {isa = PBXBuildFile; fileRef = 940F9D5C2399A4510028937B /* DispatchWorkItemWrapperBuilder.swift */; };
		940F9D5F2399A4690028937B /* FakeDispatchWorkItemWrapperBuilder.swift in Sources */ = {isa = PBXBuildFile; fileRef = 940F9D5E2399A4690028937B /* FakeDispatchWorkItemWrapperBuilder.swift */; };
		940F9D682399A49E0028937B /* FakeFileManager.swift in Sources */ = {isa = PBXBuildFile; fileRef = 940F9D602399A49D0028937B /* FakeFileManager.swift */; };
		940F9D692399A49E0028937B /* FakeJSONDecoder.swift in Sources */ = {isa = PBXBuildFile; fileRef = 940F9D612399A49D0028937B /* FakeJSONDecoder.swift */; };
		940F9D6A2399A49E0028937B /* FakeGenericError.swift in Sources */ = {isa = PBXBuildFile; fileRef = 940F9D622399A49D0028937B /* FakeGenericError.swift */; };
		940F9D6B2399A49E0028937B /* FakeCalendar.swift in Sources */ = {isa = PBXBuildFile; fileRef = 940F9D632399A49D0028937B /* FakeCalendar.swift */; };
		940F9D6C2399A49E0028937B /* FakeUUID.swift in Sources */ = {isa = PBXBuildFile; fileRef = 940F9D642399A49D0028937B /* FakeUUID.swift */; };
		940F9D6D2399A49E0028937B /* FakeJSONEncoder.swift in Sources */ = {isa = PBXBuildFile; fileRef = 940F9D652399A49D0028937B /* FakeJSONEncoder.swift */; };
		940F9D6E2399A49E0028937B /* FakeURLSession.swift in Sources */ = {isa = PBXBuildFile; fileRef = 940F9D662399A49D0028937B /* FakeURLSession.swift */; };
		940F9D6F2399A49E0028937B /* FakeUserDefaults.swift in Sources */ = {isa = PBXBuildFile; fileRef = 940F9D672399A49E0028937B /* FakeUserDefaults.swift */; };
		940F9D772399A4BA0028937B /* FileManager.swift in Sources */ = {isa = PBXBuildFile; fileRef = 940F9D702399A4BA0028937B /* FileManager.swift */; };
		940F9D782399A4BA0028937B /* URLSession.swift in Sources */ = {isa = PBXBuildFile; fileRef = 940F9D712399A4BA0028937B /* URLSession.swift */; };
		940F9D792399A4BA0028937B /* JSONEncoder.swift in Sources */ = {isa = PBXBuildFile; fileRef = 940F9D722399A4BA0028937B /* JSONEncoder.swift */; };
		940F9D7A2399A4BA0028937B /* Calendar.swift in Sources */ = {isa = PBXBuildFile; fileRef = 940F9D732399A4BA0028937B /* Calendar.swift */; };
		940F9D7B2399A4BA0028937B /* UserDefaults.swift in Sources */ = {isa = PBXBuildFile; fileRef = 940F9D742399A4BA0028937B /* UserDefaults.swift */; };
		940F9D7C2399A4BA0028937B /* UUID.swift in Sources */ = {isa = PBXBuildFile; fileRef = 940F9D752399A4BA0028937B /* UUID.swift */; };
		940F9D7D2399A4BA0028937B /* JSONDecoder.swift in Sources */ = {isa = PBXBuildFile; fileRef = 940F9D762399A4BA0028937B /* JSONDecoder.swift */; };
		940F9D842399A4ED0028937B /* FakeDispatchQueueWrapper.swift in Sources */ = {isa = PBXBuildFile; fileRef = 940F9D7E2399A4ED0028937B /* FakeDispatchQueueWrapper.swift */; };
		940F9D852399A4ED0028937B /* FakeJSONCodableWrapper.swift in Sources */ = {isa = PBXBuildFile; fileRef = 940F9D7F2399A4ED0028937B /* FakeJSONCodableWrapper.swift */; };
		940F9D862399A4ED0028937B /* FakeSleepWrapper.swift in Sources */ = {isa = PBXBuildFile; fileRef = 940F9D802399A4ED0028937B /* FakeSleepWrapper.swift */; };
		940F9D872399A4ED0028937B /* FakeDataWrapper.swift in Sources */ = {isa = PBXBuildFile; fileRef = 940F9D812399A4ED0028937B /* FakeDataWrapper.swift */; };
		940F9D882399A4ED0028937B /* FakeDispatchWorkItemWrapper.swift in Sources */ = {isa = PBXBuildFile; fileRef = 940F9D822399A4ED0028937B /* FakeDispatchWorkItemWrapper.swift */; };
		940F9D892399A4EE0028937B /* FakeTimerWrapper.swift in Sources */ = {isa = PBXBuildFile; fileRef = 940F9D832399A4ED0028937B /* FakeTimerWrapper.swift */; };
		940F9D912399A5160028937B /* SleepWrapper.swift in Sources */ = {isa = PBXBuildFile; fileRef = 940F9D8A2399A5150028937B /* SleepWrapper.swift */; };
		940F9D922399A5160028937B /* DataWrapper.swift in Sources */ = {isa = PBXBuildFile; fileRef = 940F9D8B2399A5150028937B /* DataWrapper.swift */; };
		940F9D932399A5160028937B /* DispatchQueueWrapper.swift in Sources */ = {isa = PBXBuildFile; fileRef = 940F9D8C2399A5150028937B /* DispatchQueueWrapper.swift */; };
		940F9D942399A5160028937B /* JSONCodableWrapper+Capsule.swift in Sources */ = {isa = PBXBuildFile; fileRef = 940F9D8D2399A5160028937B /* JSONCodableWrapper+Capsule.swift */; };
		940F9D952399A5160028937B /* TimerWrapper.swift in Sources */ = {isa = PBXBuildFile; fileRef = 940F9D8E2399A5160028937B /* TimerWrapper.swift */; };
		940F9D962399A5160028937B /* JSONCodableWrapper.swift in Sources */ = {isa = PBXBuildFile; fileRef = 940F9D8F2399A5160028937B /* JSONCodableWrapper.swift */; };
		940F9D972399A5160028937B /* DispatchWorkItemWrapper.swift in Sources */ = {isa = PBXBuildFile; fileRef = 940F9D902399A5160028937B /* DispatchWorkItemWrapper.swift */; };
		940F9D9B2399A5310028937B /* FakeTableViewCellBuilder.swift in Sources */ = {isa = PBXBuildFile; fileRef = 940F9D982399A5310028937B /* FakeTableViewCellBuilder.swift */; };
		940F9D9C2399A5310028937B /* FakeStoryboardBuilder.swift in Sources */ = {isa = PBXBuildFile; fileRef = 940F9D992399A5310028937B /* FakeStoryboardBuilder.swift */; };
		940F9D9D2399A5310028937B /* FakeUIAlertControllerBuilder.swift in Sources */ = {isa = PBXBuildFile; fileRef = 940F9D9A2399A5310028937B /* FakeUIAlertControllerBuilder.swift */; };
		940F9DA12399A5510028937B /* TableViewCellBuilder.swift in Sources */ = {isa = PBXBuildFile; fileRef = 940F9D9E2399A5500028937B /* TableViewCellBuilder.swift */; };
		940F9DA22399A5510028937B /* UIAlertControllerBuilder.swift in Sources */ = {isa = PBXBuildFile; fileRef = 940F9D9F2399A5510028937B /* UIAlertControllerBuilder.swift */; };
		940F9DA32399A5510028937B /* StoryboardBuilder.swift in Sources */ = {isa = PBXBuildFile; fileRef = 940F9DA02399A5510028937B /* StoryboardBuilder.swift */; };
		940F9DA52399A5630028937B /* FakeUIPasteboard.swift in Sources */ = {isa = PBXBuildFile; fileRef = 940F9DA42399A5630028937B /* FakeUIPasteboard.swift */; };
		940F9DA72399A56F0028937B /* UIPasteboard.swift in Sources */ = {isa = PBXBuildFile; fileRef = 940F9DA62399A56F0028937B /* UIPasteboard.swift */; };
		940F9DA92399A57D0028937B /* UIAlertActionWrapper.swift in Sources */ = {isa = PBXBuildFile; fileRef = 940F9DA82399A57D0028937B /* UIAlertActionWrapper.swift */; };
		940F9DEA239AFB8A0028937B /* Capsule.swift in Sources */ = {isa = PBXBuildFile; fileRef = 940F9DE9239AFB8A0028937B /* Capsule.swift */; };
		94455B66238C45920063BB6E /* Capsule.h in Headers */ = {isa = PBXBuildFile; fileRef = 94455B64238C45920063BB6E /* Capsule.h */; settings = {ATTRIBUTES = (Public, ); }; };
		CF6AADE9586FD43AA3CFB857 /* Pods_Capsule.framework in Frameworks */ = {isa = PBXBuildFile; fileRef = 89185E854D912AF3945AB5A4 /* Pods_Capsule.framework */; };
/* End PBXBuildFile section */

/* Begin PBXFileReference section */
		7D51463544DA444020A22BD0 /* Pods-Capsule.debug.xcconfig */ = {isa = PBXFileReference; includeInIndex = 1; lastKnownFileType = text.xcconfig; name = "Pods-Capsule.debug.xcconfig"; path = "Target Support Files/Pods-Capsule/Pods-Capsule.debug.xcconfig"; sourceTree = "<group>"; };
		89185E854D912AF3945AB5A4 /* Pods_Capsule.framework */ = {isa = PBXFileReference; explicitFileType = wrapper.framework; includeInIndex = 0; path = Pods_Capsule.framework; sourceTree = BUILT_PRODUCTS_DIR; };
		940F9D522399A3E30028937B /* Bundle+Capsule.swift */ = {isa = PBXFileReference; fileEncoding = 4; lastKnownFileType = sourcecode.swift; name = "Bundle+Capsule.swift"; path = "Capsule/Bundle+Capsule.swift"; sourceTree = "<group>"; };
		940F9D542399A3FA0028937B /* FakeAVCaptureSession.swift */ = {isa = PBXFileReference; fileEncoding = 4; lastKnownFileType = sourcecode.swift; name = FakeAVCaptureSession.swift; path = Capsule/FakeAVCaptureSession.swift; sourceTree = "<group>"; };
		940F9D562399A40A0028937B /* AVCaptureSession.swift */ = {isa = PBXFileReference; fileEncoding = 4; lastKnownFileType = sourcecode.swift; name = AVCaptureSession.swift; path = Capsule/AVCaptureSession.swift; sourceTree = "<group>"; };
		940F9D582399A4300028937B /* FakeAudioServicesWrapper.swift */ = {isa = PBXFileReference; fileEncoding = 4; lastKnownFileType = sourcecode.swift; name = FakeAudioServicesWrapper.swift; path = Capsule/FakeAudioServicesWrapper.swift; sourceTree = "<group>"; };
		940F9D5A2399A43B0028937B /* AudioServicesWrapper.swift */ = {isa = PBXFileReference; fileEncoding = 4; lastKnownFileType = sourcecode.swift; name = AudioServicesWrapper.swift; path = Capsule/AudioServicesWrapper.swift; sourceTree = "<group>"; };
		940F9D5C2399A4510028937B /* DispatchWorkItemWrapperBuilder.swift */ = {isa = PBXFileReference; fileEncoding = 4; lastKnownFileType = sourcecode.swift; name = DispatchWorkItemWrapperBuilder.swift; path = Capsule/DispatchWorkItemWrapperBuilder.swift; sourceTree = "<group>"; };
		940F9D5E2399A4690028937B /* FakeDispatchWorkItemWrapperBuilder.swift */ = {isa = PBXFileReference; fileEncoding = 4; lastKnownFileType = sourcecode.swift; name = FakeDispatchWorkItemWrapperBuilder.swift; path = Capsule/FakeDispatchWorkItemWrapperBuilder.swift; sourceTree = "<group>"; };
		940F9D602399A49D0028937B /* FakeFileManager.swift */ = {isa = PBXFileReference; fileEncoding = 4; lastKnownFileType = sourcecode.swift; name = FakeFileManager.swift; path = Capsule/FakeFileManager.swift; sourceTree = "<group>"; };
		940F9D612399A49D0028937B /* FakeJSONDecoder.swift */ = {isa = PBXFileReference; fileEncoding = 4; lastKnownFileType = sourcecode.swift; name = FakeJSONDecoder.swift; path = Capsule/FakeJSONDecoder.swift; sourceTree = "<group>"; };
		940F9D622399A49D0028937B /* FakeGenericError.swift */ = {isa = PBXFileReference; fileEncoding = 4; lastKnownFileType = sourcecode.swift; name = FakeGenericError.swift; path = Capsule/FakeGenericError.swift; sourceTree = "<group>"; };
		940F9D632399A49D0028937B /* FakeCalendar.swift */ = {isa = PBXFileReference; fileEncoding = 4; lastKnownFileType = sourcecode.swift; name = FakeCalendar.swift; path = Capsule/FakeCalendar.swift; sourceTree = "<group>"; };
		940F9D642399A49D0028937B /* FakeUUID.swift */ = {isa = PBXFileReference; fileEncoding = 4; lastKnownFileType = sourcecode.swift; name = FakeUUID.swift; path = Capsule/FakeUUID.swift; sourceTree = "<group>"; };
		940F9D652399A49D0028937B /* FakeJSONEncoder.swift */ = {isa = PBXFileReference; fileEncoding = 4; lastKnownFileType = sourcecode.swift; name = FakeJSONEncoder.swift; path = Capsule/FakeJSONEncoder.swift; sourceTree = "<group>"; };
		940F9D662399A49D0028937B /* FakeURLSession.swift */ = {isa = PBXFileReference; fileEncoding = 4; lastKnownFileType = sourcecode.swift; name = FakeURLSession.swift; path = Capsule/FakeURLSession.swift; sourceTree = "<group>"; };
		940F9D672399A49E0028937B /* FakeUserDefaults.swift */ = {isa = PBXFileReference; fileEncoding = 4; lastKnownFileType = sourcecode.swift; name = FakeUserDefaults.swift; path = Capsule/FakeUserDefaults.swift; sourceTree = "<group>"; };
		940F9D702399A4BA0028937B /* FileManager.swift */ = {isa = PBXFileReference; fileEncoding = 4; lastKnownFileType = sourcecode.swift; name = FileManager.swift; path = Capsule/FileManager.swift; sourceTree = "<group>"; };
		940F9D712399A4BA0028937B /* URLSession.swift */ = {isa = PBXFileReference; fileEncoding = 4; lastKnownFileType = sourcecode.swift; name = URLSession.swift; path = Capsule/URLSession.swift; sourceTree = "<group>"; };
		940F9D722399A4BA0028937B /* JSONEncoder.swift */ = {isa = PBXFileReference; fileEncoding = 4; lastKnownFileType = sourcecode.swift; name = JSONEncoder.swift; path = Capsule/JSONEncoder.swift; sourceTree = "<group>"; };
		940F9D732399A4BA0028937B /* Calendar.swift */ = {isa = PBXFileReference; fileEncoding = 4; lastKnownFileType = sourcecode.swift; name = Calendar.swift; path = Capsule/Calendar.swift; sourceTree = "<group>"; };
		940F9D742399A4BA0028937B /* UserDefaults.swift */ = {isa = PBXFileReference; fileEncoding = 4; lastKnownFileType = sourcecode.swift; name = UserDefaults.swift; path = Capsule/UserDefaults.swift; sourceTree = "<group>"; };
		940F9D752399A4BA0028937B /* UUID.swift */ = {isa = PBXFileReference; fileEncoding = 4; lastKnownFileType = sourcecode.swift; name = UUID.swift; path = Capsule/UUID.swift; sourceTree = "<group>"; };
		940F9D762399A4BA0028937B /* JSONDecoder.swift */ = {isa = PBXFileReference; fileEncoding = 4; lastKnownFileType = sourcecode.swift; name = JSONDecoder.swift; path = Capsule/JSONDecoder.swift; sourceTree = "<group>"; };
		940F9D7E2399A4ED0028937B /* FakeDispatchQueueWrapper.swift */ = {isa = PBXFileReference; fileEncoding = 4; lastKnownFileType = sourcecode.swift; name = FakeDispatchQueueWrapper.swift; path = Capsule/FakeDispatchQueueWrapper.swift; sourceTree = "<group>"; };
		940F9D7F2399A4ED0028937B /* FakeJSONCodableWrapper.swift */ = {isa = PBXFileReference; fileEncoding = 4; lastKnownFileType = sourcecode.swift; name = FakeJSONCodableWrapper.swift; path = Capsule/FakeJSONCodableWrapper.swift; sourceTree = "<group>"; };
		940F9D802399A4ED0028937B /* FakeSleepWrapper.swift */ = {isa = PBXFileReference; fileEncoding = 4; lastKnownFileType = sourcecode.swift; name = FakeSleepWrapper.swift; path = Capsule/FakeSleepWrapper.swift; sourceTree = "<group>"; };
		940F9D812399A4ED0028937B /* FakeDataWrapper.swift */ = {isa = PBXFileReference; fileEncoding = 4; lastKnownFileType = sourcecode.swift; name = FakeDataWrapper.swift; path = Capsule/FakeDataWrapper.swift; sourceTree = "<group>"; };
		940F9D822399A4ED0028937B /* FakeDispatchWorkItemWrapper.swift */ = {isa = PBXFileReference; fileEncoding = 4; lastKnownFileType = sourcecode.swift; name = FakeDispatchWorkItemWrapper.swift; path = Capsule/FakeDispatchWorkItemWrapper.swift; sourceTree = "<group>"; };
		940F9D832399A4ED0028937B /* FakeTimerWrapper.swift */ = {isa = PBXFileReference; fileEncoding = 4; lastKnownFileType = sourcecode.swift; name = FakeTimerWrapper.swift; path = Capsule/FakeTimerWrapper.swift; sourceTree = "<group>"; };
		940F9D8A2399A5150028937B /* SleepWrapper.swift */ = {isa = PBXFileReference; fileEncoding = 4; lastKnownFileType = sourcecode.swift; name = SleepWrapper.swift; path = Capsule/SleepWrapper.swift; sourceTree = "<group>"; };
		940F9D8B2399A5150028937B /* DataWrapper.swift */ = {isa = PBXFileReference; fileEncoding = 4; lastKnownFileType = sourcecode.swift; name = DataWrapper.swift; path = Capsule/DataWrapper.swift; sourceTree = "<group>"; };
		940F9D8C2399A5150028937B /* DispatchQueueWrapper.swift */ = {isa = PBXFileReference; fileEncoding = 4; lastKnownFileType = sourcecode.swift; name = DispatchQueueWrapper.swift; path = Capsule/DispatchQueueWrapper.swift; sourceTree = "<group>"; };
		940F9D8D2399A5160028937B /* JSONCodableWrapper+Capsule.swift */ = {isa = PBXFileReference; fileEncoding = 4; lastKnownFileType = sourcecode.swift; name = "JSONCodableWrapper+Capsule.swift"; path = "Capsule/JSONCodableWrapper+Capsule.swift"; sourceTree = "<group>"; };
		940F9D8E2399A5160028937B /* TimerWrapper.swift */ = {isa = PBXFileReference; fileEncoding = 4; lastKnownFileType = sourcecode.swift; name = TimerWrapper.swift; path = Capsule/TimerWrapper.swift; sourceTree = "<group>"; };
		940F9D8F2399A5160028937B /* JSONCodableWrapper.swift */ = {isa = PBXFileReference; fileEncoding = 4; lastKnownFileType = sourcecode.swift; name = JSONCodableWrapper.swift; path = Capsule/JSONCodableWrapper.swift; sourceTree = "<group>"; };
		940F9D902399A5160028937B /* DispatchWorkItemWrapper.swift */ = {isa = PBXFileReference; fileEncoding = 4; lastKnownFileType = sourcecode.swift; name = DispatchWorkItemWrapper.swift; path = Capsule/DispatchWorkItemWrapper.swift; sourceTree = "<group>"; };
		940F9D982399A5310028937B /* FakeTableViewCellBuilder.swift */ = {isa = PBXFileReference; fileEncoding = 4; lastKnownFileType = sourcecode.swift; name = FakeTableViewCellBuilder.swift; path = Capsule/FakeTableViewCellBuilder.swift; sourceTree = "<group>"; };
		940F9D992399A5310028937B /* FakeStoryboardBuilder.swift */ = {isa = PBXFileReference; fileEncoding = 4; lastKnownFileType = sourcecode.swift; name = FakeStoryboardBuilder.swift; path = Capsule/FakeStoryboardBuilder.swift; sourceTree = "<group>"; };
		940F9D9A2399A5310028937B /* FakeUIAlertControllerBuilder.swift */ = {isa = PBXFileReference; fileEncoding = 4; lastKnownFileType = sourcecode.swift; name = FakeUIAlertControllerBuilder.swift; path = Capsule/FakeUIAlertControllerBuilder.swift; sourceTree = "<group>"; };
		940F9D9E2399A5500028937B /* TableViewCellBuilder.swift */ = {isa = PBXFileReference; fileEncoding = 4; lastKnownFileType = sourcecode.swift; name = TableViewCellBuilder.swift; path = Capsule/TableViewCellBuilder.swift; sourceTree = "<group>"; };
		940F9D9F2399A5510028937B /* UIAlertControllerBuilder.swift */ = {isa = PBXFileReference; fileEncoding = 4; lastKnownFileType = sourcecode.swift; name = UIAlertControllerBuilder.swift; path = Capsule/UIAlertControllerBuilder.swift; sourceTree = "<group>"; };
		940F9DA02399A5510028937B /* StoryboardBuilder.swift */ = {isa = PBXFileReference; fileEncoding = 4; lastKnownFileType = sourcecode.swift; name = StoryboardBuilder.swift; path = Capsule/StoryboardBuilder.swift; sourceTree = "<group>"; };
		940F9DA42399A5630028937B /* FakeUIPasteboard.swift */ = {isa = PBXFileReference; fileEncoding = 4; lastKnownFileType = sourcecode.swift; name = FakeUIPasteboard.swift; path = Capsule/FakeUIPasteboard.swift; sourceTree = "<group>"; };
		940F9DA62399A56F0028937B /* UIPasteboard.swift */ = {isa = PBXFileReference; fileEncoding = 4; lastKnownFileType = sourcecode.swift; name = UIPasteboard.swift; path = Capsule/UIPasteboard.swift; sourceTree = "<group>"; };
		940F9DA82399A57D0028937B /* UIAlertActionWrapper.swift */ = {isa = PBXFileReference; fileEncoding = 4; lastKnownFileType = sourcecode.swift; name = UIAlertActionWrapper.swift; path = Capsule/UIAlertActionWrapper.swift; sourceTree = "<group>"; };
		940F9DE9239AFB8A0028937B /* Capsule.swift */ = {isa = PBXFileReference; lastKnownFileType = sourcecode.swift; path = Capsule.swift; sourceTree = "<group>"; };
		94455B61238C45920063BB6E /* Capsule.framework */ = {isa = PBXFileReference; explicitFileType = wrapper.framework; includeInIndex = 0; path = Capsule.framework; sourceTree = BUILT_PRODUCTS_DIR; };
		94455B64238C45920063BB6E /* Capsule.h */ = {isa = PBXFileReference; lastKnownFileType = sourcecode.c.h; path = Capsule.h; sourceTree = "<group>"; };
		94455B65238C45920063BB6E /* Info.plist */ = {isa = PBXFileReference; lastKnownFileType = text.plist.xml; path = Info.plist; sourceTree = "<group>"; };
		E263C35345D6A3BA91898755 /* Pods-Capsule.release.xcconfig */ = {isa = PBXFileReference; includeInIndex = 1; lastKnownFileType = text.xcconfig; name = "Pods-Capsule.release.xcconfig"; path = "Target Support Files/Pods-Capsule/Pods-Capsule.release.xcconfig"; sourceTree = "<group>"; };
/* End PBXFileReference section */

/* Begin PBXFrameworksBuildPhase section */
		94455B5E238C45920063BB6E /* Frameworks */ = {
			isa = PBXFrameworksBuildPhase;
			buildActionMask = 2147483647;
			files = (
				CF6AADE9586FD43AA3CFB857 /* Pods_Capsule.framework in Frameworks */,
			);
			runOnlyForDeploymentPostprocessing = 0;
		};
/* End PBXFrameworksBuildPhase section */

/* Begin PBXGroup section */
		940F9CE3239968950028937B /* Sources */ = {
			isa = PBXGroup;
			children = (
				940F9D512399A3940028937B /* Capsule */,
			);
			path = Sources;
			sourceTree = "<group>";
		};
		940F9CE4239969800028937B /* Extensions */ = {
			isa = PBXGroup;
			children = (
				940F9D522399A3E30028937B /* Bundle+Capsule.swift */,
			);
			name = Extensions;
			path = ..;
			sourceTree = "<group>";
		};
		940F9CE5239969890028937B /* AVFoundation */ = {
			isa = PBXGroup;
			children = (
				940F9CE8239969C00028937B /* Protocols */,
				940F9CE9239969C50028937B /* Wrappers */,
			);
			name = AVFoundation;
			path = ..;
			sourceTree = "<group>";
		};
		940F9CE6239969910028937B /* Foundation */ = {
			isa = PBXGroup;
			children = (
				940F9CEC239969E00028937B /* Builders */,
				940F9CED239969E50028937B /* Protocols */,
				940F9CEE23996A290028937B /* Wrappers */,
			);
			name = Foundation;
			path = ..;
			sourceTree = "<group>";
		};
		940F9CE72399699A0028937B /* UIKit */ = {
			isa = PBXGroup;
			children = (
				940F9CF223996A4C0028937B /* Builders */,
				940F9CF323996A520028937B /* Protocols */,
				940F9CF423996A570028937B /* Wrappers */,
			);
			name = UIKit;
			path = ..;
			sourceTree = "<group>";
		};
		940F9CE8239969C00028937B /* Protocols */ = {
			isa = PBXGroup;
			children = (
				940F9CEB239969D00028937B /* Fakes */,
				940F9D562399A40A0028937B /* AVCaptureSession.swift */,
			);
			name = Protocols;
			sourceTree = "<group>";
		};
		940F9CE9239969C50028937B /* Wrappers */ = {
			isa = PBXGroup;
			children = (
				940F9CEA239969CC0028937B /* Fakes */,
				940F9D5A2399A43B0028937B /* AudioServicesWrapper.swift */,
			);
			name = Wrappers;
			sourceTree = "<group>";
		};
		940F9CEA239969CC0028937B /* Fakes */ = {
			isa = PBXGroup;
			children = (
				940F9D582399A4300028937B /* FakeAudioServicesWrapper.swift */,
			);
			name = Fakes;
			sourceTree = "<group>";
		};
		940F9CEB239969D00028937B /* Fakes */ = {
			isa = PBXGroup;
			children = (
				940F9D542399A3FA0028937B /* FakeAVCaptureSession.swift */,
			);
			name = Fakes;
			sourceTree = "<group>";
		};
		940F9CEC239969E00028937B /* Builders */ = {
			isa = PBXGroup;
			children = (
				940F9CEF23996A360028937B /* Fakes */,
				940F9D5C2399A4510028937B /* DispatchWorkItemWrapperBuilder.swift */,
			);
			name = Builders;
			sourceTree = "<group>";
		};
		940F9CED239969E50028937B /* Protocols */ = {
			isa = PBXGroup;
			children = (
				940F9CF023996A390028937B /* Fakes */,
				940F9D732399A4BA0028937B /* Calendar.swift */,
				940F9D702399A4BA0028937B /* FileManager.swift */,
				940F9D762399A4BA0028937B /* JSONDecoder.swift */,
				940F9D722399A4BA0028937B /* JSONEncoder.swift */,
				940F9D712399A4BA0028937B /* URLSession.swift */,
				940F9D742399A4BA0028937B /* UserDefaults.swift */,
				940F9D752399A4BA0028937B /* UUID.swift */,
			);
			name = Protocols;
			sourceTree = "<group>";
		};
		940F9CEE23996A290028937B /* Wrappers */ = {
			isa = PBXGroup;
			children = (
				940F9CF123996A3D0028937B /* Fakes */,
				940F9D8B2399A5150028937B /* DataWrapper.swift */,
				940F9D8C2399A5150028937B /* DispatchQueueWrapper.swift */,
				940F9D902399A5160028937B /* DispatchWorkItemWrapper.swift */,
				940F9D8F2399A5160028937B /* JSONCodableWrapper.swift */,
				940F9D8D2399A5160028937B /* JSONCodableWrapper+Capsule.swift */,
				940F9D8A2399A5150028937B /* SleepWrapper.swift */,
				940F9D8E2399A5160028937B /* TimerWrapper.swift */,
			);
			name = Wrappers;
			sourceTree = "<group>";
		};
		940F9CEF23996A360028937B /* Fakes */ = {
			isa = PBXGroup;
			children = (
				940F9D5E2399A4690028937B /* FakeDispatchWorkItemWrapperBuilder.swift */,
			);
			name = Fakes;
			sourceTree = "<group>";
		};
		940F9CF023996A390028937B /* Fakes */ = {
			isa = PBXGroup;
			children = (
				940F9D632399A49D0028937B /* FakeCalendar.swift */,
				940F9D602399A49D0028937B /* FakeFileManager.swift */,
				940F9D622399A49D0028937B /* FakeGenericError.swift */,
				940F9D612399A49D0028937B /* FakeJSONDecoder.swift */,
				940F9D652399A49D0028937B /* FakeJSONEncoder.swift */,
				940F9D662399A49D0028937B /* FakeURLSession.swift */,
				940F9D672399A49E0028937B /* FakeUserDefaults.swift */,
				940F9D642399A49D0028937B /* FakeUUID.swift */,
			);
			name = Fakes;
			sourceTree = "<group>";
		};
		940F9CF123996A3D0028937B /* Fakes */ = {
			isa = PBXGroup;
			children = (
				940F9D812399A4ED0028937B /* FakeDataWrapper.swift */,
				940F9D7E2399A4ED0028937B /* FakeDispatchQueueWrapper.swift */,
				940F9D822399A4ED0028937B /* FakeDispatchWorkItemWrapper.swift */,
				940F9D7F2399A4ED0028937B /* FakeJSONCodableWrapper.swift */,
				940F9D802399A4ED0028937B /* FakeSleepWrapper.swift */,
				940F9D832399A4ED0028937B /* FakeTimerWrapper.swift */,
			);
			name = Fakes;
			sourceTree = "<group>";
		};
		940F9CF223996A4C0028937B /* Builders */ = {
			isa = PBXGroup;
			children = (
				940F9CF723996A610028937B /* Fakes */,
				940F9DA02399A5510028937B /* StoryboardBuilder.swift */,
				940F9D9E2399A5500028937B /* TableViewCellBuilder.swift */,
				940F9D9F2399A5510028937B /* UIAlertControllerBuilder.swift */,
			);
			name = Builders;
			sourceTree = "<group>";
		};
		940F9CF323996A520028937B /* Protocols */ = {
			isa = PBXGroup;
			children = (
				940F9CF623996A5E0028937B /* Fakes */,
				940F9DA62399A56F0028937B /* UIPasteboard.swift */,
			);
			name = Protocols;
			sourceTree = "<group>";
		};
		940F9CF423996A570028937B /* Wrappers */ = {
			isa = PBXGroup;
			children = (
				940F9DA82399A57D0028937B /* UIAlertActionWrapper.swift */,
			);
			name = Wrappers;
			sourceTree = "<group>";
		};
		940F9CF623996A5E0028937B /* Fakes */ = {
			isa = PBXGroup;
			children = (
				940F9DA42399A5630028937B /* FakeUIPasteboard.swift */,
			);
			name = Fakes;
			sourceTree = "<group>";
		};
		940F9CF723996A610028937B /* Fakes */ = {
			isa = PBXGroup;
			children = (
				940F9D992399A5310028937B /* FakeStoryboardBuilder.swift */,
				940F9D982399A5310028937B /* FakeTableViewCellBuilder.swift */,
				940F9D9A2399A5310028937B /* FakeUIAlertControllerBuilder.swift */,
			);
			name = Fakes;
			sourceTree = "<group>";
		};
		940F9D512399A3940028937B /* Capsule */ = {
			isa = PBXGroup;
			children = (
				940F9DE8239AFB6F0028937B /* Library */,
				940F9CE4239969800028937B /* Extensions */,
				940F9CE5239969890028937B /* AVFoundation */,
				940F9CE6239969910028937B /* Foundation */,
				940F9CE72399699A0028937B /* UIKit */,
			);
			path = Capsule;
			sourceTree = "<group>";
		};
		940F9DE8239AFB6F0028937B /* Library */ = {
			isa = PBXGroup;
			children = (
				940F9DE9239AFB8A0028937B /* Capsule.swift */,
			);
			name = Library;
			sourceTree = "<group>";
		};
		94455B57238C45920063BB6E = {
			isa = PBXGroup;
			children = (
				94455B63238C45920063BB6E /* Capsule */,
				940F9CE3239968950028937B /* Sources */,
				94455B62238C45920063BB6E /* Products */,
				B289504A663128C42BC699FF /* Pods */,
				A0C0F8F733D544C3B4D5809C /* Frameworks */,
			);
			sourceTree = "<group>";
		};
		94455B62238C45920063BB6E /* Products */ = {
			isa = PBXGroup;
			children = (
				94455B61238C45920063BB6E /* Capsule.framework */,
			);
			name = Products;
			sourceTree = "<group>";
		};
		94455B63238C45920063BB6E /* Capsule */ = {
			isa = PBXGroup;
			children = (
				94455B64238C45920063BB6E /* Capsule.h */,
				94455B65238C45920063BB6E /* Info.plist */,
			);
			path = Capsule;
			sourceTree = "<group>";
		};
		A0C0F8F733D544C3B4D5809C /* Frameworks */ = {
			isa = PBXGroup;
			children = (
				89185E854D912AF3945AB5A4 /* Pods_Capsule.framework */,
			);
			name = Frameworks;
			sourceTree = "<group>";
		};
		B289504A663128C42BC699FF /* Pods */ = {
			isa = PBXGroup;
			children = (
				7D51463544DA444020A22BD0 /* Pods-Capsule.debug.xcconfig */,
				E263C35345D6A3BA91898755 /* Pods-Capsule.release.xcconfig */,
			);
			path = Pods;
			sourceTree = "<group>";
		};
/* End PBXGroup section */

/* Begin PBXHeadersBuildPhase section */
		94455B5C238C45920063BB6E /* Headers */ = {
			isa = PBXHeadersBuildPhase;
			buildActionMask = 2147483647;
			files = (
				94455B66238C45920063BB6E /* Capsule.h in Headers */,
			);
			runOnlyForDeploymentPostprocessing = 0;
		};
/* End PBXHeadersBuildPhase section */

/* Begin PBXNativeTarget section */
		94455B60238C45920063BB6E /* Capsule */ = {
			isa = PBXNativeTarget;
			buildConfigurationList = 94455B69238C45920063BB6E /* Build configuration list for PBXNativeTarget "Capsule" */;
			buildPhases = (
				9AF703FC411E8CE04C8F785A /* [CP] Check Pods Manifest.lock */,
				94455B5C238C45920063BB6E /* Headers */,
				94455B5D238C45920063BB6E /* Sources */,
				94455B5E238C45920063BB6E /* Frameworks */,
				94455B5F238C45920063BB6E /* Resources */,
				94341A70238C47CE00BC8355 /* SwiftLint Run Script */,
			);
			buildRules = (
			);
			dependencies = (
			);
			name = Capsule;
			productName = Capsule;
			productReference = 94455B61238C45920063BB6E /* Capsule.framework */;
			productType = "com.apple.product-type.framework";
		};
/* End PBXNativeTarget section */

/* Begin PBXProject section */
		94455B58238C45920063BB6E /* Project object */ = {
			isa = PBXProject;
			attributes = {
				LastUpgradeCheck = 1120;
				TargetAttributes = {
					94455B60238C45920063BB6E = {
						CreatedOnToolsVersion = 11.2.1;
						LastSwiftMigration = 1120;
					};
				};
			};
			buildConfigurationList = 94455B5B238C45920063BB6E /* Build configuration list for PBXProject "Capsule" */;
			compatibilityVersion = "Xcode 9.3";
			developmentRegion = en;
			hasScannedForEncodings = 0;
			knownRegions = (
				en,
				Base,
			);
			mainGroup = 94455B57238C45920063BB6E;
			productRefGroup = 94455B62238C45920063BB6E /* Products */;
			projectDirPath = "";
			projectRoot = "";
			targets = (
				94455B60238C45920063BB6E /* Capsule */,
			);
		};
/* End PBXProject section */

/* Begin PBXResourcesBuildPhase section */
		94455B5F238C45920063BB6E /* Resources */ = {
			isa = PBXResourcesBuildPhase;
			buildActionMask = 2147483647;
			files = (
			);
			runOnlyForDeploymentPostprocessing = 0;
		};
/* End PBXResourcesBuildPhase section */

/* Begin PBXShellScriptBuildPhase section */
		94341A70238C47CE00BC8355 /* SwiftLint Run Script */ = {
			isa = PBXShellScriptBuildPhase;
			buildActionMask = 2147483647;
			files = (
			);
			inputFileListPaths = (
			);
			inputPaths = (
			);
			name = "SwiftLint Run Script";
			outputFileListPaths = (
			);
			outputPaths = (
			);
			runOnlyForDeploymentPostprocessing = 0;
			shellPath = /bin/sh;
			shellScript = "${PODS_ROOT}/SwiftLint/swiftlint\n";
		};
		9AF703FC411E8CE04C8F785A /* [CP] Check Pods Manifest.lock */ = {
			isa = PBXShellScriptBuildPhase;
			buildActionMask = 2147483647;
			files = (
			);
			inputFileListPaths = (
			);
			inputPaths = (
				"${PODS_PODFILE_DIR_PATH}/Podfile.lock",
				"${PODS_ROOT}/Manifest.lock",
			);
			name = "[CP] Check Pods Manifest.lock";
			outputFileListPaths = (
			);
			outputPaths = (
				"$(DERIVED_FILE_DIR)/Pods-Capsule-checkManifestLockResult.txt",
			);
			runOnlyForDeploymentPostprocessing = 0;
			shellPath = /bin/sh;
			shellScript = "diff \"${PODS_PODFILE_DIR_PATH}/Podfile.lock\" \"${PODS_ROOT}/Manifest.lock\" > /dev/null\nif [ $? != 0 ] ; then\n    # print error to STDERR\n    echo \"error: The sandbox is not in sync with the Podfile.lock. Run 'pod install' or update your CocoaPods installation.\" >&2\n    exit 1\nfi\n# This output is used by Xcode 'outputs' to avoid re-running this script phase.\necho \"SUCCESS\" > \"${SCRIPT_OUTPUT_FILE_0}\"\n";
			showEnvVarsInLog = 0;
		};
/* End PBXShellScriptBuildPhase section */

/* Begin PBXSourcesBuildPhase section */
		94455B5D238C45920063BB6E /* Sources */ = {
			isa = PBXSourcesBuildPhase;
			buildActionMask = 2147483647;
			files = (
				940F9D942399A5160028937B /* JSONCodableWrapper+Capsule.swift in Sources */,
				940F9DEA239AFB8A0028937B /* Capsule.swift in Sources */,
				940F9D9B2399A5310028937B /* FakeTableViewCellBuilder.swift in Sources */,
				940F9DA32399A5510028937B /* StoryboardBuilder.swift in Sources */,
				940F9D532399A3E30028937B /* Bundle+Capsule.swift in Sources */,
				940F9D862399A4ED0028937B /* FakeSleepWrapper.swift in Sources */,
				940F9D972399A5160028937B /* DispatchWorkItemWrapper.swift in Sources */,
				940F9D932399A5160028937B /* DispatchQueueWrapper.swift in Sources */,
				940F9D6C2399A49E0028937B /* FakeUUID.swift in Sources */,
				940F9D552399A3FA0028937B /* FakeAVCaptureSession.swift in Sources */,
				940F9D5B2399A43B0028937B /* AudioServicesWrapper.swift in Sources */,
				940F9D692399A49E0028937B /* FakeJSONDecoder.swift in Sources */,
				940F9DA22399A5510028937B /* UIAlertControllerBuilder.swift in Sources */,
				940F9DA72399A56F0028937B /* UIPasteboard.swift in Sources */,
				940F9D772399A4BA0028937B /* FileManager.swift in Sources */,
				940F9D912399A5160028937B /* SleepWrapper.swift in Sources */,
				940F9D7C2399A4BA0028937B /* UUID.swift in Sources */,
				940F9D5D2399A4510028937B /* DispatchWorkItemWrapperBuilder.swift in Sources */,
				940F9D7D2399A4BA0028937B /* JSONDecoder.swift in Sources */,
				940F9D7A2399A4BA0028937B /* Calendar.swift in Sources */,
				940F9D882399A4ED0028937B /* FakeDispatchWorkItemWrapper.swift in Sources */,
				940F9DA52399A5630028937B /* FakeUIPasteboard.swift in Sources */,
				940F9D6F2399A49E0028937B /* FakeUserDefaults.swift in Sources */,
				940F9DA12399A5510028937B /* TableViewCellBuilder.swift in Sources */,
				940F9D952399A5160028937B /* TimerWrapper.swift in Sources */,
				940F9D792399A4BA0028937B /* JSONEncoder.swift in Sources */,
				940F9D682399A49E0028937B /* FakeFileManager.swift in Sources */,
				940F9D962399A5160028937B /* JSONCodableWrapper.swift in Sources */,
				940F9D892399A4EE0028937B /* FakeTimerWrapper.swift in Sources */,
				940F9D6A2399A49E0028937B /* FakeGenericError.swift in Sources */,
				940F9D5F2399A4690028937B /* FakeDispatchWorkItemWrapperBuilder.swift in Sources */,
				940F9D572399A40A0028937B /* AVCaptureSession.swift in Sources */,
				940F9D782399A4BA0028937B /* URLSession.swift in Sources */,
				940F9D922399A5160028937B /* DataWrapper.swift in Sources */,
				940F9D872399A4ED0028937B /* FakeDataWrapper.swift in Sources */,
				940F9D852399A4ED0028937B /* FakeJSONCodableWrapper.swift in Sources */,
				940F9D9C2399A5310028937B /* FakeStoryboardBuilder.swift in Sources */,
				940F9D7B2399A4BA0028937B /* UserDefaults.swift in Sources */,
				940F9D842399A4ED0028937B /* FakeDispatchQueueWrapper.swift in Sources */,
				940F9D6D2399A49E0028937B /* FakeJSONEncoder.swift in Sources */,
				940F9D6E2399A49E0028937B /* FakeURLSession.swift in Sources */,
				940F9D9D2399A5310028937B /* FakeUIAlertControllerBuilder.swift in Sources */,
				940F9D6B2399A49E0028937B /* FakeCalendar.swift in Sources */,
				940F9D592399A4300028937B /* FakeAudioServicesWrapper.swift in Sources */,
				940F9DA92399A57D0028937B /* UIAlertActionWrapper.swift in Sources */,
			);
			runOnlyForDeploymentPostprocessing = 0;
		};
/* End PBXSourcesBuildPhase section */

/* Begin XCBuildConfiguration section */
		94455B67238C45920063BB6E /* Debug */ = {
			isa = XCBuildConfiguration;
			buildSettings = {
				ALWAYS_SEARCH_USER_PATHS = NO;
				CLANG_ANALYZER_NONNULL = YES;
				CLANG_ANALYZER_NUMBER_OBJECT_CONVERSION = YES_AGGRESSIVE;
				CLANG_CXX_LANGUAGE_STANDARD = "gnu++14";
				CLANG_CXX_LIBRARY = "libc++";
				CLANG_ENABLE_MODULES = YES;
				CLANG_ENABLE_OBJC_ARC = YES;
				CLANG_ENABLE_OBJC_WEAK = YES;
				CLANG_WARN_BLOCK_CAPTURE_AUTORELEASING = YES;
				CLANG_WARN_BOOL_CONVERSION = YES;
				CLANG_WARN_COMMA = YES;
				CLANG_WARN_CONSTANT_CONVERSION = YES;
				CLANG_WARN_DEPRECATED_OBJC_IMPLEMENTATIONS = YES;
				CLANG_WARN_DIRECT_OBJC_ISA_USAGE = YES_ERROR;
				CLANG_WARN_DOCUMENTATION_COMMENTS = YES;
				CLANG_WARN_EMPTY_BODY = YES;
				CLANG_WARN_ENUM_CONVERSION = YES;
				CLANG_WARN_INFINITE_RECURSION = YES;
				CLANG_WARN_INT_CONVERSION = YES;
				CLANG_WARN_NON_LITERAL_NULL_CONVERSION = YES;
				CLANG_WARN_OBJC_IMPLICIT_RETAIN_SELF = YES;
				CLANG_WARN_OBJC_LITERAL_CONVERSION = YES;
				CLANG_WARN_OBJC_ROOT_CLASS = YES_ERROR;
				CLANG_WARN_RANGE_LOOP_ANALYSIS = YES;
				CLANG_WARN_STRICT_PROTOTYPES = YES;
				CLANG_WARN_SUSPICIOUS_MOVE = YES;
				CLANG_WARN_UNGUARDED_AVAILABILITY = YES_AGGRESSIVE;
				CLANG_WARN_UNREACHABLE_CODE = YES;
				CLANG_WARN__DUPLICATE_METHOD_MATCH = YES;
				COPY_PHASE_STRIP = NO;
				CURRENT_PROJECT_VERSION = 1;
				DEBUG_INFORMATION_FORMAT = dwarf;
				ENABLE_STRICT_OBJC_MSGSEND = YES;
				ENABLE_TESTABILITY = YES;
				GCC_C_LANGUAGE_STANDARD = gnu11;
				GCC_DYNAMIC_NO_PIC = NO;
				GCC_NO_COMMON_BLOCKS = YES;
				GCC_OPTIMIZATION_LEVEL = 0;
				GCC_PREPROCESSOR_DEFINITIONS = (
					"DEBUG=1",
					"$(inherited)",
				);
				GCC_WARN_64_TO_32_BIT_CONVERSION = YES;
				GCC_WARN_ABOUT_RETURN_TYPE = YES_ERROR;
				GCC_WARN_UNDECLARED_SELECTOR = YES;
				GCC_WARN_UNINITIALIZED_AUTOS = YES_AGGRESSIVE;
				GCC_WARN_UNUSED_FUNCTION = YES;
				GCC_WARN_UNUSED_VARIABLE = YES;
				IPHONEOS_DEPLOYMENT_TARGET = 10.0;
				MTL_ENABLE_DEBUG_INFO = INCLUDE_SOURCE;
				MTL_FAST_MATH = YES;
				ONLY_ACTIVE_ARCH = YES;
				SDKROOT = iphoneos;
				SWIFT_ACTIVE_COMPILATION_CONDITIONS = DEBUG;
				SWIFT_OPTIMIZATION_LEVEL = "-Onone";
				VERSIONING_SYSTEM = "apple-generic";
				VERSION_INFO_PREFIX = "";
			};
			name = Debug;
		};
		94455B68238C45920063BB6E /* Release */ = {
			isa = XCBuildConfiguration;
			buildSettings = {
				ALWAYS_SEARCH_USER_PATHS = NO;
				CLANG_ANALYZER_NONNULL = YES;
				CLANG_ANALYZER_NUMBER_OBJECT_CONVERSION = YES_AGGRESSIVE;
				CLANG_CXX_LANGUAGE_STANDARD = "gnu++14";
				CLANG_CXX_LIBRARY = "libc++";
				CLANG_ENABLE_MODULES = YES;
				CLANG_ENABLE_OBJC_ARC = YES;
				CLANG_ENABLE_OBJC_WEAK = YES;
				CLANG_WARN_BLOCK_CAPTURE_AUTORELEASING = YES;
				CLANG_WARN_BOOL_CONVERSION = YES;
				CLANG_WARN_COMMA = YES;
				CLANG_WARN_CONSTANT_CONVERSION = YES;
				CLANG_WARN_DEPRECATED_OBJC_IMPLEMENTATIONS = YES;
				CLANG_WARN_DIRECT_OBJC_ISA_USAGE = YES_ERROR;
				CLANG_WARN_DOCUMENTATION_COMMENTS = YES;
				CLANG_WARN_EMPTY_BODY = YES;
				CLANG_WARN_ENUM_CONVERSION = YES;
				CLANG_WARN_INFINITE_RECURSION = YES;
				CLANG_WARN_INT_CONVERSION = YES;
				CLANG_WARN_NON_LITERAL_NULL_CONVERSION = YES;
				CLANG_WARN_OBJC_IMPLICIT_RETAIN_SELF = YES;
				CLANG_WARN_OBJC_LITERAL_CONVERSION = YES;
				CLANG_WARN_OBJC_ROOT_CLASS = YES_ERROR;
				CLANG_WARN_RANGE_LOOP_ANALYSIS = YES;
				CLANG_WARN_STRICT_PROTOTYPES = YES;
				CLANG_WARN_SUSPICIOUS_MOVE = YES;
				CLANG_WARN_UNGUARDED_AVAILABILITY = YES_AGGRESSIVE;
				CLANG_WARN_UNREACHABLE_CODE = YES;
				CLANG_WARN__DUPLICATE_METHOD_MATCH = YES;
				COPY_PHASE_STRIP = NO;
				CURRENT_PROJECT_VERSION = 1;
				DEBUG_INFORMATION_FORMAT = "dwarf-with-dsym";
				ENABLE_NS_ASSERTIONS = NO;
				ENABLE_STRICT_OBJC_MSGSEND = YES;
				GCC_C_LANGUAGE_STANDARD = gnu11;
				GCC_NO_COMMON_BLOCKS = YES;
				GCC_WARN_64_TO_32_BIT_CONVERSION = YES;
				GCC_WARN_ABOUT_RETURN_TYPE = YES_ERROR;
				GCC_WARN_UNDECLARED_SELECTOR = YES;
				GCC_WARN_UNINITIALIZED_AUTOS = YES_AGGRESSIVE;
				GCC_WARN_UNUSED_FUNCTION = YES;
				GCC_WARN_UNUSED_VARIABLE = YES;
				IPHONEOS_DEPLOYMENT_TARGET = 10.0;
				MTL_ENABLE_DEBUG_INFO = NO;
				MTL_FAST_MATH = YES;
				SDKROOT = iphoneos;
				SWIFT_COMPILATION_MODE = wholemodule;
				SWIFT_OPTIMIZATION_LEVEL = "-O";
				VALIDATE_PRODUCT = YES;
				VERSIONING_SYSTEM = "apple-generic";
				VERSION_INFO_PREFIX = "";
			};
			name = Release;
		};
		94455B6A238C45920063BB6E /* Debug */ = {
			isa = XCBuildConfiguration;
			baseConfigurationReference = 7D51463544DA444020A22BD0 /* Pods-Capsule.debug.xcconfig */;
			buildSettings = {
				CLANG_ENABLE_MODULES = YES;
				CODE_SIGN_STYLE = Manual;
				DEFINES_MODULE = YES;
				DEVELOPMENT_TEAM = "";
				DYLIB_COMPATIBILITY_VERSION = 1;
				DYLIB_CURRENT_VERSION = 1;
				DYLIB_INSTALL_NAME_BASE = "@rpath";
				INFOPLIST_FILE = Capsule/Info.plist;
				INSTALL_PATH = "$(LOCAL_LIBRARY_DIR)/Frameworks";
				LD_RUNPATH_SEARCH_PATHS = (
					"$(inherited)",
					"@executable_path/Frameworks",
					"@loader_path/Frameworks",
				);
				MARKETING_VERSION = 0.1.3;
				PRODUCT_BUNDLE_IDENTIFIER = teamthick.capsule;
				PRODUCT_NAME = "$(TARGET_NAME:c99extidentifier)";
				PROVISIONING_PROFILE_SPECIFIER = "";
				"PROVISIONING_PROFILE_SPECIFIER[sdk=macosx*]" = "";
				SKIP_INSTALL = YES;
				SUPPORTS_MACCATALYST = NO;
				SWIFT_OPTIMIZATION_LEVEL = "-Onone";
				SWIFT_VERSION = 5.0;
				TARGETED_DEVICE_FAMILY = "1,2";
			};
			name = Debug;
		};
		94455B6B238C45920063BB6E /* Release */ = {
			isa = XCBuildConfiguration;
			baseConfigurationReference = E263C35345D6A3BA91898755 /* Pods-Capsule.release.xcconfig */;
			buildSettings = {
				CLANG_ENABLE_MODULES = YES;
				CODE_SIGN_STYLE = Manual;
				DEFINES_MODULE = YES;
				DEVELOPMENT_TEAM = "";
				DYLIB_COMPATIBILITY_VERSION = 1;
				DYLIB_CURRENT_VERSION = 1;
				DYLIB_INSTALL_NAME_BASE = "@rpath";
				INFOPLIST_FILE = Capsule/Info.plist;
				INSTALL_PATH = "$(LOCAL_LIBRARY_DIR)/Frameworks";
				LD_RUNPATH_SEARCH_PATHS = (
					"$(inherited)",
					"@executable_path/Frameworks",
					"@loader_path/Frameworks",
				);
				MARKETING_VERSION = 0.1.3;
				PRODUCT_BUNDLE_IDENTIFIER = teamthick.capsule;
				PRODUCT_NAME = "$(TARGET_NAME:c99extidentifier)";
				PROVISIONING_PROFILE_SPECIFIER = "";
				"PROVISIONING_PROFILE_SPECIFIER[sdk=macosx*]" = "";
				SKIP_INSTALL = YES;
				SUPPORTS_MACCATALYST = NO;
				SWIFT_VERSION = 5.0;
				TARGETED_DEVICE_FAMILY = "1,2";
			};
			name = Release;
		};
/* End XCBuildConfiguration section */

/* Begin XCConfigurationList section */
		94455B5B238C45920063BB6E /* Build configuration list for PBXProject "Capsule" */ = {
			isa = XCConfigurationList;
			buildConfigurations = (
				94455B67238C45920063BB6E /* Debug */,
				94455B68238C45920063BB6E /* Release */,
			);
			defaultConfigurationIsVisible = 0;
			defaultConfigurationName = Release;
		};
		94455B69238C45920063BB6E /* Build configuration list for PBXNativeTarget "Capsule" */ = {
			isa = XCConfigurationList;
			buildConfigurations = (
				94455B6A238C45920063BB6E /* Debug */,
				94455B6B238C45920063BB6E /* Release */,
			);
			defaultConfigurationIsVisible = 0;
			defaultConfigurationName = Release;
		};
/* End XCConfigurationList section */
	};
	rootObject = 94455B58238C45920063BB6E /* Project object */;
}
